// !$*UTF8*$!
{
	archiveVersion = 1;
	classes = {
	};
	objectVersion = 46;
	objects = {

/* Begin PBXBuildFile section */
		0B0FBC141C5F578C0040E630 /* MeiQiaSDK.framework in Frameworks */ = {isa = PBXBuildFile; fileRef = 0B0FBB561C5F578C0040E630 /* MeiQiaSDK.framework */; };
		0B0FBC151C5F578C0040E630 /* MQServiceToViewInterface.m in Sources */ = {isa = PBXBuildFile; fileRef = 0B0FBB591C5F578C0040E630 /* MQServiceToViewInterface.m */; };
		0B0FBC161C5F578C0040E630 /* MQChatViewConfig.m in Sources */ = {isa = PBXBuildFile; fileRef = 0B0FBB5F1C5F578C0040E630 /* MQChatViewConfig.m */; };
		0B0FBC171C5F578C0040E630 /* MQChatViewManager.m in Sources */ = {isa = PBXBuildFile; fileRef = 0B0FBB611C5F578C0040E630 /* MQChatViewManager.m */; };
		0B0FBC181C5F578C0040E630 /* MQChatViewController.m in Sources */ = {isa = PBXBuildFile; fileRef = 0B0FBB641C5F578C0040E630 /* MQChatViewController.m */; };
		0B0FBC191C5F578C0040E630 /* MQChatViewService.m in Sources */ = {isa = PBXBuildFile; fileRef = 0B0FBB661C5F578C0040E630 /* MQChatViewService.m */; };
		0B0FBC1A1C5F578C0040E630 /* MQChatViewTableDataSource.m in Sources */ = {isa = PBXBuildFile; fileRef = 0B0FBB681C5F578C0040E630 /* MQChatViewTableDataSource.m */; };
		0B0FBC1B1C5F578C0040E630 /* MQBaseMessage.m in Sources */ = {isa = PBXBuildFile; fileRef = 0B0FBB6B1C5F578C0040E630 /* MQBaseMessage.m */; };
		0B0FBC1C1C5F578C0040E630 /* MQEventMessage.m in Sources */ = {isa = PBXBuildFile; fileRef = 0B0FBB6D1C5F578C0040E630 /* MQEventMessage.m */; };
		0B0FBC1D1C5F578C0040E630 /* MQImageMessage.m in Sources */ = {isa = PBXBuildFile; fileRef = 0B0FBB6F1C5F578C0040E630 /* MQImageMessage.m */; };
		0B0FBC1E1C5F578C0040E630 /* MQTextMessage.m in Sources */ = {isa = PBXBuildFile; fileRef = 0B0FBB711C5F578C0040E630 /* MQTextMessage.m */; };
		0B0FBC1F1C5F578C0040E630 /* MQVoiceMessage.m in Sources */ = {isa = PBXBuildFile; fileRef = 0B0FBB731C5F578C0040E630 /* MQVoiceMessage.m */; };
		0B0FBC201C5F578C0040E630 /* MQEventCellModel.m in Sources */ = {isa = PBXBuildFile; fileRef = 0B0FBB781C5F578C0040E630 /* MQEventCellModel.m */; };
		0B0FBC211C5F578C0040E630 /* MQImageCellModel.m in Sources */ = {isa = PBXBuildFile; fileRef = 0B0FBB7A1C5F578C0040E630 /* MQImageCellModel.m */; };
		0B0FBC221C5F578C0040E630 /* MQMessageDateCellModel.m in Sources */ = {isa = PBXBuildFile; fileRef = 0B0FBB7C1C5F578C0040E630 /* MQMessageDateCellModel.m */; };
		0B0FBC231C5F578C0040E630 /* MQTextCellModel.m in Sources */ = {isa = PBXBuildFile; fileRef = 0B0FBB7E1C5F578C0040E630 /* MQTextCellModel.m */; };
		0B0FBC241C5F578C0040E630 /* MQTipsCellModel.m in Sources */ = {isa = PBXBuildFile; fileRef = 0B0FBB801C5F578C0040E630 /* MQTipsCellModel.m */; };
		0B0FBC251C5F578C0040E630 /* MQVoiceCellModel.m in Sources */ = {isa = PBXBuildFile; fileRef = 0B0FBB821C5F578C0040E630 /* MQVoiceCellModel.m */; };
		0B0FBC261C5F578C0040E630 /* MQChatBaseCell.m in Sources */ = {isa = PBXBuildFile; fileRef = 0B0FBB851C5F578C0040E630 /* MQChatBaseCell.m */; };
		0B0FBC271C5F578C0040E630 /* MQEventMessageCell.m in Sources */ = {isa = PBXBuildFile; fileRef = 0B0FBB871C5F578C0040E630 /* MQEventMessageCell.m */; };
		0B0FBC281C5F578C0040E630 /* MQImageMessageCell.m in Sources */ = {isa = PBXBuildFile; fileRef = 0B0FBB891C5F578C0040E630 /* MQImageMessageCell.m */; };
		0B0FBC291C5F578C0040E630 /* MQMessageDateCell.m in Sources */ = {isa = PBXBuildFile; fileRef = 0B0FBB8B1C5F578C0040E630 /* MQMessageDateCell.m */; };
		0B0FBC2A1C5F578C0040E630 /* MQTextMessageCell.m in Sources */ = {isa = PBXBuildFile; fileRef = 0B0FBB8D1C5F578C0040E630 /* MQTextMessageCell.m */; };
		0B0FBC2B1C5F578C0040E630 /* MQTipsCell.m in Sources */ = {isa = PBXBuildFile; fileRef = 0B0FBB8F1C5F578C0040E630 /* MQTipsCell.m */; };
		0B0FBC2C1C5F578C0040E630 /* MQVoiceMessageCell.m in Sources */ = {isa = PBXBuildFile; fileRef = 0B0FBB911C5F578C0040E630 /* MQVoiceMessageCell.m */; };
		0B0FBC2D1C5F578C0040E630 /* MQAssetUtil.m in Sources */ = {isa = PBXBuildFile; fileRef = 0B0FBB941C5F578C0040E630 /* MQAssetUtil.m */; };
		0B0FBC2E1C5F578C0040E630 /* MQBundleUtil.m in Sources */ = {isa = PBXBuildFile; fileRef = 0B0FBB961C5F578C0040E630 /* MQBundleUtil.m */; };
		0B0FBC2F1C5F578C0040E630 /* MQChatAudioPlayer.m in Sources */ = {isa = PBXBuildFile; fileRef = 0B0FBB981C5F578C0040E630 /* MQChatAudioPlayer.m */; };
		0B0FBC301C5F578C0040E630 /* MQChatAudioRecorder.m in Sources */ = {isa = PBXBuildFile; fileRef = 0B0FBB9A1C5F578C0040E630 /* MQChatAudioRecorder.m */; };
		0B0FBC311C5F578C0040E630 /* MQChatDeviceUtil.m in Sources */ = {isa = PBXBuildFile; fileRef = 0B0FBB9C1C5F578C0040E630 /* MQChatDeviceUtil.m */; };
		0B0FBC321C5F578C0040E630 /* MQChatEmojize.m in Sources */ = {isa = PBXBuildFile; fileRef = 0B0FBB9E1C5F578C0040E630 /* MQChatEmojize.m */; };
		0B0FBC331C5F578C0040E630 /* MQChatFileUtil.m in Sources */ = {isa = PBXBuildFile; fileRef = 0B0FBBA01C5F578C0040E630 /* MQChatFileUtil.m */; };
		0B0FBC341C5F578C0040E630 /* MQChatRegexUtil.m in Sources */ = {isa = PBXBuildFile; fileRef = 0B0FBBA21C5F578C0040E630 /* MQChatRegexUtil.m */; };
		0B0FBC351C5F578C0040E630 /* MQDateFormatterUtil.m in Sources */ = {isa = PBXBuildFile; fileRef = 0B0FBBA41C5F578C0040E630 /* MQDateFormatterUtil.m */; };
		0B0FBC361C5F578C0040E630 /* MQImageUtil.m in Sources */ = {isa = PBXBuildFile; fileRef = 0B0FBBA61C5F578C0040E630 /* MQImageUtil.m */; };
		0B0FBC371C5F578C0040E630 /* MQStringSizeUtil.m in Sources */ = {isa = PBXBuildFile; fileRef = 0B0FBBA81C5F578C0040E630 /* MQStringSizeUtil.m */; };
		0B0FBC381C5F578C0040E630 /* FBBitmapFont.m in Sources */ = {isa = PBXBuildFile; fileRef = 0B0FBBAC1C5F578C0040E630 /* FBBitmapFont.m */; };
		0B0FBC391C5F578C0040E630 /* FBBitmapFontView.m in Sources */ = {isa = PBXBuildFile; fileRef = 0B0FBBAE1C5F578C0040E630 /* FBBitmapFontView.m */; };
		0B0FBC3A1C5F578C0040E630 /* FBFontSymbol.m in Sources */ = {isa = PBXBuildFile; fileRef = 0B0FBBB01C5F578C0040E630 /* FBFontSymbol.m */; };
		0B0FBC3B1C5F578C0040E630 /* FBLCDFont.m in Sources */ = {isa = PBXBuildFile; fileRef = 0B0FBBB21C5F578C0040E630 /* FBLCDFont.m */; };
		0B0FBC3C1C5F578C0040E630 /* FBLCDFontView.m in Sources */ = {isa = PBXBuildFile; fileRef = 0B0FBBB41C5F578C0040E630 /* FBLCDFontView.m */; };
		0B0FBC3D1C5F578C0040E630 /* FBSquareFont.m in Sources */ = {isa = PBXBuildFile; fileRef = 0B0FBBB61C5F578C0040E630 /* FBSquareFont.m */; };
		0B0FBC3E1C5F578C0040E630 /* FBSquareFontView.m in Sources */ = {isa = PBXBuildFile; fileRef = 0B0FBBB81C5F578C0040E630 /* FBSquareFontView.m */; };
		0B0FBC3F1C5F578C0040E630 /* HPGrowingTextView.m in Sources */ = {isa = PBXBuildFile; fileRef = 0B0FBBBB1C5F578C0040E630 /* HPGrowingTextView.m */; };
		0B0FBC401C5F578C0040E630 /* HPTextViewInternal.m in Sources */ = {isa = PBXBuildFile; fileRef = 0B0FBBBD1C5F578C0040E630 /* HPTextViewInternal.m */; };
		0B0FBC411C5F578C0040E630 /* MHFacebookImageViewer.m in Sources */ = {isa = PBXBuildFile; fileRef = 0B0FBBC01C5F578C0040E630 /* MHFacebookImageViewer.m */; };
		0B0FBC421C5F578C0040E630 /* UIImageView+MHFacebookImageViewer.m in Sources */ = {isa = PBXBuildFile; fileRef = 0B0FBBC21C5F578C0040E630 /* UIImageView+MHFacebookImageViewer.m */; };
		0B0FBC431C5F578C0040E630 /* libopencore-amrnb.a in Frameworks */ = {isa = PBXBuildFile; fileRef = 0B0FBBCD1C5F578C0040E630 /* libopencore-amrnb.a */; };
		0B0FBC441C5F578C0040E630 /* libopencore-amrwb.a in Frameworks */ = {isa = PBXBuildFile; fileRef = 0B0FBBCE1C5F578C0040E630 /* libopencore-amrwb.a */; };
		0B0FBC451C5F578C0040E630 /* AmrRecordWriter.m in Sources */ = {isa = PBXBuildFile; fileRef = 0B0FBBD01C5F578C0040E630 /* AmrRecordWriter.m */; };
		0B0FBC461C5F578C0040E630 /* CafRecordWriter.m in Sources */ = {isa = PBXBuildFile; fileRef = 0B0FBBD21C5F578C0040E630 /* CafRecordWriter.m */; };
		0B0FBC471C5F578C0040E630 /* MLAudioMeterObserver.m in Sources */ = {isa = PBXBuildFile; fileRef = 0B0FBBD51C5F578C0040E630 /* MLAudioMeterObserver.m */; };
		0B0FBC481C5F578C0040E630 /* MLAudioRecorder.m in Sources */ = {isa = PBXBuildFile; fileRef = 0B0FBBD71C5F578C0040E630 /* MLAudioRecorder.m */; };
		0B0FBC491C5F578C0040E630 /* MKAnnotationView+WebCache.m in Sources */ = {isa = PBXBuildFile; fileRef = 0B0FBBDA1C5F578C0040E630 /* MKAnnotationView+WebCache.m */; };
		0B0FBC4A1C5F578C0040E630 /* NSData+ImageContentType.m in Sources */ = {isa = PBXBuildFile; fileRef = 0B0FBBDC1C5F578C0040E630 /* NSData+ImageContentType.m */; };
		0B0FBC4B1C5F578C0040E630 /* SDImageCache.m in Sources */ = {isa = PBXBuildFile; fileRef = 0B0FBBDE1C5F578C0040E630 /* SDImageCache.m */; };
		0B0FBC4C1C5F578C0040E630 /* SDWebImageCompat.m in Sources */ = {isa = PBXBuildFile; fileRef = 0B0FBBE01C5F578C0040E630 /* SDWebImageCompat.m */; };
		0B0FBC4D1C5F578C0040E630 /* SDWebImageDecoder.m in Sources */ = {isa = PBXBuildFile; fileRef = 0B0FBBE21C5F578C0040E630 /* SDWebImageDecoder.m */; };
		0B0FBC4E1C5F578C0040E630 /* SDWebImageDownloader.m in Sources */ = {isa = PBXBuildFile; fileRef = 0B0FBBE41C5F578C0040E630 /* SDWebImageDownloader.m */; };
		0B0FBC4F1C5F578C0040E630 /* SDWebImageDownloaderOperation.m in Sources */ = {isa = PBXBuildFile; fileRef = 0B0FBBE61C5F578C0040E630 /* SDWebImageDownloaderOperation.m */; };
		0B0FBC501C5F578C0040E630 /* SDWebImageManager.m in Sources */ = {isa = PBXBuildFile; fileRef = 0B0FBBE81C5F578C0040E630 /* SDWebImageManager.m */; };
		0B0FBC511C5F578C0040E630 /* SDWebImagePrefetcher.m in Sources */ = {isa = PBXBuildFile; fileRef = 0B0FBBEB1C5F578C0040E630 /* SDWebImagePrefetcher.m */; };
		0B0FBC521C5F578C0040E630 /* UIButton+WebCache.m in Sources */ = {isa = PBXBuildFile; fileRef = 0B0FBBED1C5F578C0040E630 /* UIButton+WebCache.m */; };
		0B0FBC531C5F578C0040E630 /* UIImage+GIF.m in Sources */ = {isa = PBXBuildFile; fileRef = 0B0FBBEF1C5F578C0040E630 /* UIImage+GIF.m */; };
		0B0FBC541C5F578C0040E630 /* UIImage+MultiFormat.m in Sources */ = {isa = PBXBuildFile; fileRef = 0B0FBBF11C5F578C0040E630 /* UIImage+MultiFormat.m */; };
		0B0FBC551C5F578C0040E630 /* UIImage+WebP.m in Sources */ = {isa = PBXBuildFile; fileRef = 0B0FBBF31C5F578C0040E630 /* UIImage+WebP.m */; };
		0B0FBC561C5F578C0040E630 /* UIImageView+HighlightedWebCache.m in Sources */ = {isa = PBXBuildFile; fileRef = 0B0FBBF51C5F578C0040E630 /* UIImageView+HighlightedWebCache.m */; };
		0B0FBC571C5F578C0040E630 /* UIImageView+WebCache.m in Sources */ = {isa = PBXBuildFile; fileRef = 0B0FBBF71C5F578C0040E630 /* UIImageView+WebCache.m */; };
		0B0FBC581C5F578C0040E630 /* UIView+WebCacheOperation.m in Sources */ = {isa = PBXBuildFile; fileRef = 0B0FBBF91C5F578C0040E630 /* UIView+WebCacheOperation.m */; };
		0B0FBC591C5F578C0040E630 /* TTTAttributedLabel.m in Sources */ = {isa = PBXBuildFile; fileRef = 0B0FBBFC1C5F578C0040E630 /* TTTAttributedLabel.m */; };
		0B0FBC5A1C5F578C0040E630 /* amrFileCodec.mm in Sources */ = {isa = PBXBuildFile; fileRef = 0B0FBC001C5F578C0040E630 /* amrFileCodec.mm */; };
		0B0FBC5B1C5F578C0040E630 /* wav.mm in Sources */ = {isa = PBXBuildFile; fileRef = 0B0FBC021C5F578C0040E630 /* wav.mm */; };
		0B0FBC5C1C5F578C0040E630 /* VoiceConverter.mm in Sources */ = {isa = PBXBuildFile; fileRef = 0B0FBC041C5F578C0040E630 /* VoiceConverter.mm */; };
		0B0FBC5D1C5F578C0040E630 /* MQChatTableView.m in Sources */ = {isa = PBXBuildFile; fileRef = 0B0FBC071C5F578C0040E630 /* MQChatTableView.m */; };
		0B0FBC5E1C5F578C0040E630 /* MQInputBar.m in Sources */ = {isa = PBXBuildFile; fileRef = 0B0FBC0A1C5F578C0040E630 /* MQInputBar.m */; };
		0B0FBC5F1C5F578C0040E630 /* MQPullRefreshView.m in Sources */ = {isa = PBXBuildFile; fileRef = 0B0FBC0D1C5F578C0040E630 /* MQPullRefreshView.m */; };
		0B0FBC601C5F578C0040E630 /* MQRecordView.m in Sources */ = {isa = PBXBuildFile; fileRef = 0B0FBC101C5F578C0040E630 /* MQRecordView.m */; };
		0B0FBC611C5F578C0040E630 /* MQToast.m in Sources */ = {isa = PBXBuildFile; fileRef = 0B0FBC131C5F578C0040E630 /* MQToast.m */; };
		0BB7957B1C5A1D5900AB2E83 /* MeiQia.m in Sources */ = {isa = PBXBuildFile; fileRef = 0BB7957A1C5A1D5900AB2E83 /* MeiQia.m */; };
/* End PBXBuildFile section */

/* Begin PBXCopyFilesBuildPhase section */
		0BB795661C5A0B5F00AB2E83 /* CopyFiles */ = {
			isa = PBXCopyFilesBuildPhase;
			buildActionMask = 2147483647;
			dstPath = "include/$(PRODUCT_NAME)";
			dstSubfolderSpec = 16;
			files = (
			);
			runOnlyForDeploymentPostprocessing = 0;
		};
/* End PBXCopyFilesBuildPhase section */

/* Begin PBXFileReference section */
		0B0FBB561C5F578C0040E630 /* MeiQiaSDK.framework */ = {isa = PBXFileReference; lastKnownFileType = wrapper.framework; path = MeiQiaSDK.framework; sourceTree = "<group>"; };
		0B0FBB581C5F578C0040E630 /* MQServiceToViewInterface.h */ = {isa = PBXFileReference; fileEncoding = 4; lastKnownFileType = sourcecode.c.h; path = MQServiceToViewInterface.h; sourceTree = "<group>"; };
		0B0FBB591C5F578C0040E630 /* MQServiceToViewInterface.m */ = {isa = PBXFileReference; fileEncoding = 4; lastKnownFileType = sourcecode.c.objc; path = MQServiceToViewInterface.m; sourceTree = "<group>"; };
		0B0FBB5C1C5F578C0040E630 /* MQChatViewAsset.bundle */ = {isa = PBXFileReference; lastKnownFileType = "wrapper.plug-in"; path = MQChatViewAsset.bundle; sourceTree = "<group>"; };
		0B0FBB5E1C5F578C0040E630 /* MQChatViewConfig.h */ = {isa = PBXFileReference; fileEncoding = 4; lastKnownFileType = sourcecode.c.h; path = MQChatViewConfig.h; sourceTree = "<group>"; };
		0B0FBB5F1C5F578C0040E630 /* MQChatViewConfig.m */ = {isa = PBXFileReference; fileEncoding = 4; lastKnownFileType = sourcecode.c.objc; path = MQChatViewConfig.m; sourceTree = "<group>"; };
		0B0FBB601C5F578C0040E630 /* MQChatViewManager.h */ = {isa = PBXFileReference; fileEncoding = 4; lastKnownFileType = sourcecode.c.h; path = MQChatViewManager.h; sourceTree = "<group>"; };
		0B0FBB611C5F578C0040E630 /* MQChatViewManager.m */ = {isa = PBXFileReference; fileEncoding = 4; lastKnownFileType = sourcecode.c.objc; path = MQChatViewManager.m; sourceTree = "<group>"; };
		0B0FBB631C5F578C0040E630 /* MQChatViewController.h */ = {isa = PBXFileReference; fileEncoding = 4; lastKnownFileType = sourcecode.c.h; path = MQChatViewController.h; sourceTree = "<group>"; };
		0B0FBB641C5F578C0040E630 /* MQChatViewController.m */ = {isa = PBXFileReference; fileEncoding = 4; lastKnownFileType = sourcecode.c.objc; path = MQChatViewController.m; sourceTree = "<group>"; };
		0B0FBB651C5F578C0040E630 /* MQChatViewService.h */ = {isa = PBXFileReference; fileEncoding = 4; lastKnownFileType = sourcecode.c.h; path = MQChatViewService.h; sourceTree = "<group>"; };
		0B0FBB661C5F578C0040E630 /* MQChatViewService.m */ = {isa = PBXFileReference; fileEncoding = 4; lastKnownFileType = sourcecode.c.objc; path = MQChatViewService.m; sourceTree = "<group>"; };
		0B0FBB671C5F578C0040E630 /* MQChatViewTableDataSource.h */ = {isa = PBXFileReference; fileEncoding = 4; lastKnownFileType = sourcecode.c.h; path = MQChatViewTableDataSource.h; sourceTree = "<group>"; };
		0B0FBB681C5F578C0040E630 /* MQChatViewTableDataSource.m */ = {isa = PBXFileReference; fileEncoding = 4; lastKnownFileType = sourcecode.c.objc; path = MQChatViewTableDataSource.m; sourceTree = "<group>"; };
		0B0FBB6A1C5F578C0040E630 /* MQBaseMessage.h */ = {isa = PBXFileReference; fileEncoding = 4; lastKnownFileType = sourcecode.c.h; path = MQBaseMessage.h; sourceTree = "<group>"; };
		0B0FBB6B1C5F578C0040E630 /* MQBaseMessage.m */ = {isa = PBXFileReference; fileEncoding = 4; lastKnownFileType = sourcecode.c.objc; path = MQBaseMessage.m; sourceTree = "<group>"; };
		0B0FBB6C1C5F578C0040E630 /* MQEventMessage.h */ = {isa = PBXFileReference; fileEncoding = 4; lastKnownFileType = sourcecode.c.h; path = MQEventMessage.h; sourceTree = "<group>"; };
		0B0FBB6D1C5F578C0040E630 /* MQEventMessage.m */ = {isa = PBXFileReference; fileEncoding = 4; lastKnownFileType = sourcecode.c.objc; path = MQEventMessage.m; sourceTree = "<group>"; };
		0B0FBB6E1C5F578C0040E630 /* MQImageMessage.h */ = {isa = PBXFileReference; fileEncoding = 4; lastKnownFileType = sourcecode.c.h; path = MQImageMessage.h; sourceTree = "<group>"; };
		0B0FBB6F1C5F578C0040E630 /* MQImageMessage.m */ = {isa = PBXFileReference; fileEncoding = 4; lastKnownFileType = sourcecode.c.objc; path = MQImageMessage.m; sourceTree = "<group>"; };
		0B0FBB701C5F578C0040E630 /* MQTextMessage.h */ = {isa = PBXFileReference; fileEncoding = 4; lastKnownFileType = sourcecode.c.h; path = MQTextMessage.h; sourceTree = "<group>"; };
		0B0FBB711C5F578C0040E630 /* MQTextMessage.m */ = {isa = PBXFileReference; fileEncoding = 4; lastKnownFileType = sourcecode.c.objc; path = MQTextMessage.m; sourceTree = "<group>"; };
		0B0FBB721C5F578C0040E630 /* MQVoiceMessage.h */ = {isa = PBXFileReference; fileEncoding = 4; lastKnownFileType = sourcecode.c.h; path = MQVoiceMessage.h; sourceTree = "<group>"; };
		0B0FBB731C5F578C0040E630 /* MQVoiceMessage.m */ = {isa = PBXFileReference; fileEncoding = 4; lastKnownFileType = sourcecode.c.objc; path = MQVoiceMessage.m; sourceTree = "<group>"; };
		0B0FBB761C5F578C0040E630 /* MQCellModelProtocol.h */ = {isa = PBXFileReference; fileEncoding = 4; lastKnownFileType = sourcecode.c.h; path = MQCellModelProtocol.h; sourceTree = "<group>"; };
		0B0FBB771C5F578C0040E630 /* MQEventCellModel.h */ = {isa = PBXFileReference; fileEncoding = 4; lastKnownFileType = sourcecode.c.h; path = MQEventCellModel.h; sourceTree = "<group>"; };
		0B0FBB781C5F578C0040E630 /* MQEventCellModel.m */ = {isa = PBXFileReference; fileEncoding = 4; lastKnownFileType = sourcecode.c.objc; path = MQEventCellModel.m; sourceTree = "<group>"; };
		0B0FBB791C5F578C0040E630 /* MQImageCellModel.h */ = {isa = PBXFileReference; fileEncoding = 4; lastKnownFileType = sourcecode.c.h; path = MQImageCellModel.h; sourceTree = "<group>"; };
		0B0FBB7A1C5F578C0040E630 /* MQImageCellModel.m */ = {isa = PBXFileReference; fileEncoding = 4; lastKnownFileType = sourcecode.c.objc; path = MQImageCellModel.m; sourceTree = "<group>"; };
		0B0FBB7B1C5F578C0040E630 /* MQMessageDateCellModel.h */ = {isa = PBXFileReference; fileEncoding = 4; lastKnownFileType = sourcecode.c.h; path = MQMessageDateCellModel.h; sourceTree = "<group>"; };
		0B0FBB7C1C5F578C0040E630 /* MQMessageDateCellModel.m */ = {isa = PBXFileReference; fileEncoding = 4; lastKnownFileType = sourcecode.c.objc; path = MQMessageDateCellModel.m; sourceTree = "<group>"; };
		0B0FBB7D1C5F578C0040E630 /* MQTextCellModel.h */ = {isa = PBXFileReference; fileEncoding = 4; lastKnownFileType = sourcecode.c.h; path = MQTextCellModel.h; sourceTree = "<group>"; };
		0B0FBB7E1C5F578C0040E630 /* MQTextCellModel.m */ = {isa = PBXFileReference; fileEncoding = 4; lastKnownFileType = sourcecode.c.objc; path = MQTextCellModel.m; sourceTree = "<group>"; };
		0B0FBB7F1C5F578C0040E630 /* MQTipsCellModel.h */ = {isa = PBXFileReference; fileEncoding = 4; lastKnownFileType = sourcecode.c.h; path = MQTipsCellModel.h; sourceTree = "<group>"; };
		0B0FBB801C5F578C0040E630 /* MQTipsCellModel.m */ = {isa = PBXFileReference; fileEncoding = 4; lastKnownFileType = sourcecode.c.objc; path = MQTipsCellModel.m; sourceTree = "<group>"; };
		0B0FBB811C5F578C0040E630 /* MQVoiceCellModel.h */ = {isa = PBXFileReference; fileEncoding = 4; lastKnownFileType = sourcecode.c.h; path = MQVoiceCellModel.h; sourceTree = "<group>"; };
		0B0FBB821C5F578C0040E630 /* MQVoiceCellModel.m */ = {isa = PBXFileReference; fileEncoding = 4; lastKnownFileType = sourcecode.c.objc; path = MQVoiceCellModel.m; sourceTree = "<group>"; };
		0B0FBB841C5F578C0040E630 /* MQChatBaseCell.h */ = {isa = PBXFileReference; fileEncoding = 4; lastKnownFileType = sourcecode.c.h; path = MQChatBaseCell.h; sourceTree = "<group>"; };
		0B0FBB851C5F578C0040E630 /* MQChatBaseCell.m */ = {isa = PBXFileReference; fileEncoding = 4; lastKnownFileType = sourcecode.c.objc; path = MQChatBaseCell.m; sourceTree = "<group>"; };
		0B0FBB861C5F578C0040E630 /* MQEventMessageCell.h */ = {isa = PBXFileReference; fileEncoding = 4; lastKnownFileType = sourcecode.c.h; path = MQEventMessageCell.h; sourceTree = "<group>"; };
		0B0FBB871C5F578C0040E630 /* MQEventMessageCell.m */ = {isa = PBXFileReference; fileEncoding = 4; lastKnownFileType = sourcecode.c.objc; path = MQEventMessageCell.m; sourceTree = "<group>"; };
		0B0FBB881C5F578C0040E630 /* MQImageMessageCell.h */ = {isa = PBXFileReference; fileEncoding = 4; lastKnownFileType = sourcecode.c.h; path = MQImageMessageCell.h; sourceTree = "<group>"; };
		0B0FBB891C5F578C0040E630 /* MQImageMessageCell.m */ = {isa = PBXFileReference; fileEncoding = 4; lastKnownFileType = sourcecode.c.objc; path = MQImageMessageCell.m; sourceTree = "<group>"; };
		0B0FBB8A1C5F578C0040E630 /* MQMessageDateCell.h */ = {isa = PBXFileReference; fileEncoding = 4; lastKnownFileType = sourcecode.c.h; path = MQMessageDateCell.h; sourceTree = "<group>"; };
		0B0FBB8B1C5F578C0040E630 /* MQMessageDateCell.m */ = {isa = PBXFileReference; fileEncoding = 4; lastKnownFileType = sourcecode.c.objc; path = MQMessageDateCell.m; sourceTree = "<group>"; };
		0B0FBB8C1C5F578C0040E630 /* MQTextMessageCell.h */ = {isa = PBXFileReference; fileEncoding = 4; lastKnownFileType = sourcecode.c.h; path = MQTextMessageCell.h; sourceTree = "<group>"; };
		0B0FBB8D1C5F578C0040E630 /* MQTextMessageCell.m */ = {isa = PBXFileReference; fileEncoding = 4; lastKnownFileType = sourcecode.c.objc; path = MQTextMessageCell.m; sourceTree = "<group>"; };
		0B0FBB8E1C5F578C0040E630 /* MQTipsCell.h */ = {isa = PBXFileReference; fileEncoding = 4; lastKnownFileType = sourcecode.c.h; path = MQTipsCell.h; sourceTree = "<group>"; };
		0B0FBB8F1C5F578C0040E630 /* MQTipsCell.m */ = {isa = PBXFileReference; fileEncoding = 4; lastKnownFileType = sourcecode.c.objc; path = MQTipsCell.m; sourceTree = "<group>"; };
		0B0FBB901C5F578C0040E630 /* MQVoiceMessageCell.h */ = {isa = PBXFileReference; fileEncoding = 4; lastKnownFileType = sourcecode.c.h; path = MQVoiceMessageCell.h; sourceTree = "<group>"; };
		0B0FBB911C5F578C0040E630 /* MQVoiceMessageCell.m */ = {isa = PBXFileReference; fileEncoding = 4; lastKnownFileType = sourcecode.c.objc; path = MQVoiceMessageCell.m; sourceTree = "<group>"; };
		0B0FBB931C5F578C0040E630 /* MQAssetUtil.h */ = {isa = PBXFileReference; fileEncoding = 4; lastKnownFileType = sourcecode.c.h; path = MQAssetUtil.h; sourceTree = "<group>"; };
		0B0FBB941C5F578C0040E630 /* MQAssetUtil.m */ = {isa = PBXFileReference; fileEncoding = 4; lastKnownFileType = sourcecode.c.objc; path = MQAssetUtil.m; sourceTree = "<group>"; };
		0B0FBB951C5F578C0040E630 /* MQBundleUtil.h */ = {isa = PBXFileReference; fileEncoding = 4; lastKnownFileType = sourcecode.c.h; path = MQBundleUtil.h; sourceTree = "<group>"; };
		0B0FBB961C5F578C0040E630 /* MQBundleUtil.m */ = {isa = PBXFileReference; fileEncoding = 4; lastKnownFileType = sourcecode.c.objc; path = MQBundleUtil.m; sourceTree = "<group>"; };
		0B0FBB971C5F578C0040E630 /* MQChatAudioPlayer.h */ = {isa = PBXFileReference; fileEncoding = 4; lastKnownFileType = sourcecode.c.h; path = MQChatAudioPlayer.h; sourceTree = "<group>"; };
		0B0FBB981C5F578C0040E630 /* MQChatAudioPlayer.m */ = {isa = PBXFileReference; fileEncoding = 4; lastKnownFileType = sourcecode.c.objc; path = MQChatAudioPlayer.m; sourceTree = "<group>"; };
		0B0FBB991C5F578C0040E630 /* MQChatAudioRecorder.h */ = {isa = PBXFileReference; fileEncoding = 4; lastKnownFileType = sourcecode.c.h; path = MQChatAudioRecorder.h; sourceTree = "<group>"; };
		0B0FBB9A1C5F578C0040E630 /* MQChatAudioRecorder.m */ = {isa = PBXFileReference; fileEncoding = 4; lastKnownFileType = sourcecode.c.objc; path = MQChatAudioRecorder.m; sourceTree = "<group>"; };
		0B0FBB9B1C5F578C0040E630 /* MQChatDeviceUtil.h */ = {isa = PBXFileReference; fileEncoding = 4; lastKnownFileType = sourcecode.c.h; path = MQChatDeviceUtil.h; sourceTree = "<group>"; };
		0B0FBB9C1C5F578C0040E630 /* MQChatDeviceUtil.m */ = {isa = PBXFileReference; fileEncoding = 4; lastKnownFileType = sourcecode.c.objc; path = MQChatDeviceUtil.m; sourceTree = "<group>"; };
		0B0FBB9D1C5F578C0040E630 /* MQChatEmojize.h */ = {isa = PBXFileReference; fileEncoding = 4; lastKnownFileType = sourcecode.c.h; path = MQChatEmojize.h; sourceTree = "<group>"; };
		0B0FBB9E1C5F578C0040E630 /* MQChatEmojize.m */ = {isa = PBXFileReference; fileEncoding = 4; lastKnownFileType = sourcecode.c.objc; path = MQChatEmojize.m; sourceTree = "<group>"; };
		0B0FBB9F1C5F578C0040E630 /* MQChatFileUtil.h */ = {isa = PBXFileReference; fileEncoding = 4; lastKnownFileType = sourcecode.c.h; path = MQChatFileUtil.h; sourceTree = "<group>"; };
		0B0FBBA01C5F578C0040E630 /* MQChatFileUtil.m */ = {isa = PBXFileReference; fileEncoding = 4; lastKnownFileType = sourcecode.c.objc; path = MQChatFileUtil.m; sourceTree = "<group>"; };
		0B0FBBA11C5F578C0040E630 /* MQChatRegexUtil.h */ = {isa = PBXFileReference; fileEncoding = 4; lastKnownFileType = sourcecode.c.h; path = MQChatRegexUtil.h; sourceTree = "<group>"; };
		0B0FBBA21C5F578C0040E630 /* MQChatRegexUtil.m */ = {isa = PBXFileReference; fileEncoding = 4; lastKnownFileType = sourcecode.c.objc; path = MQChatRegexUtil.m; sourceTree = "<group>"; };
		0B0FBBA31C5F578C0040E630 /* MQDateFormatterUtil.h */ = {isa = PBXFileReference; fileEncoding = 4; lastKnownFileType = sourcecode.c.h; path = MQDateFormatterUtil.h; sourceTree = "<group>"; };
		0B0FBBA41C5F578C0040E630 /* MQDateFormatterUtil.m */ = {isa = PBXFileReference; fileEncoding = 4; lastKnownFileType = sourcecode.c.objc; path = MQDateFormatterUtil.m; sourceTree = "<group>"; };
		0B0FBBA51C5F578C0040E630 /* MQImageUtil.h */ = {isa = PBXFileReference; fileEncoding = 4; lastKnownFileType = sourcecode.c.h; path = MQImageUtil.h; sourceTree = "<group>"; };
		0B0FBBA61C5F578C0040E630 /* MQImageUtil.m */ = {isa = PBXFileReference; fileEncoding = 4; lastKnownFileType = sourcecode.c.objc; path = MQImageUtil.m; sourceTree = "<group>"; };
		0B0FBBA71C5F578C0040E630 /* MQStringSizeUtil.h */ = {isa = PBXFileReference; fileEncoding = 4; lastKnownFileType = sourcecode.c.h; path = MQStringSizeUtil.h; sourceTree = "<group>"; };
		0B0FBBA81C5F578C0040E630 /* MQStringSizeUtil.m */ = {isa = PBXFileReference; fileEncoding = 4; lastKnownFileType = sourcecode.c.objc; path = MQStringSizeUtil.m; sourceTree = "<group>"; };
		0B0FBBAB1C5F578C0040E630 /* FBBitmapFont.h */ = {isa = PBXFileReference; fileEncoding = 4; lastKnownFileType = sourcecode.c.h; path = FBBitmapFont.h; sourceTree = "<group>"; };
		0B0FBBAC1C5F578C0040E630 /* FBBitmapFont.m */ = {isa = PBXFileReference; fileEncoding = 4; lastKnownFileType = sourcecode.c.objc; path = FBBitmapFont.m; sourceTree = "<group>"; };
		0B0FBBAD1C5F578C0040E630 /* FBBitmapFontView.h */ = {isa = PBXFileReference; fileEncoding = 4; lastKnownFileType = sourcecode.c.h; path = FBBitmapFontView.h; sourceTree = "<group>"; };
		0B0FBBAE1C5F578C0040E630 /* FBBitmapFontView.m */ = {isa = PBXFileReference; fileEncoding = 4; lastKnownFileType = sourcecode.c.objc; path = FBBitmapFontView.m; sourceTree = "<group>"; };
		0B0FBBAF1C5F578C0040E630 /* FBFontSymbol.h */ = {isa = PBXFileReference; fileEncoding = 4; lastKnownFileType = sourcecode.c.h; path = FBFontSymbol.h; sourceTree = "<group>"; };
		0B0FBBB01C5F578C0040E630 /* FBFontSymbol.m */ = {isa = PBXFileReference; fileEncoding = 4; lastKnownFileType = sourcecode.c.objc; path = FBFontSymbol.m; sourceTree = "<group>"; };
		0B0FBBB11C5F578C0040E630 /* FBLCDFont.h */ = {isa = PBXFileReference; fileEncoding = 4; lastKnownFileType = sourcecode.c.h; path = FBLCDFont.h; sourceTree = "<group>"; };
		0B0FBBB21C5F578C0040E630 /* FBLCDFont.m */ = {isa = PBXFileReference; fileEncoding = 4; lastKnownFileType = sourcecode.c.objc; path = FBLCDFont.m; sourceTree = "<group>"; };
		0B0FBBB31C5F578C0040E630 /* FBLCDFontView.h */ = {isa = PBXFileReference; fileEncoding = 4; lastKnownFileType = sourcecode.c.h; path = FBLCDFontView.h; sourceTree = "<group>"; };
		0B0FBBB41C5F578C0040E630 /* FBLCDFontView.m */ = {isa = PBXFileReference; fileEncoding = 4; lastKnownFileType = sourcecode.c.objc; path = FBLCDFontView.m; sourceTree = "<group>"; };
		0B0FBBB51C5F578C0040E630 /* FBSquareFont.h */ = {isa = PBXFileReference; fileEncoding = 4; lastKnownFileType = sourcecode.c.h; path = FBSquareFont.h; sourceTree = "<group>"; };
		0B0FBBB61C5F578C0040E630 /* FBSquareFont.m */ = {isa = PBXFileReference; fileEncoding = 4; lastKnownFileType = sourcecode.c.objc; path = FBSquareFont.m; sourceTree = "<group>"; };
		0B0FBBB71C5F578C0040E630 /* FBSquareFontView.h */ = {isa = PBXFileReference; fileEncoding = 4; lastKnownFileType = sourcecode.c.h; path = FBSquareFontView.h; sourceTree = "<group>"; };
		0B0FBBB81C5F578C0040E630 /* FBSquareFontView.m */ = {isa = PBXFileReference; fileEncoding = 4; lastKnownFileType = sourcecode.c.objc; path = FBSquareFontView.m; sourceTree = "<group>"; };
		0B0FBBBA1C5F578C0040E630 /* HPGrowingTextView.h */ = {isa = PBXFileReference; fileEncoding = 4; lastKnownFileType = sourcecode.c.h; path = HPGrowingTextView.h; sourceTree = "<group>"; };
		0B0FBBBB1C5F578C0040E630 /* HPGrowingTextView.m */ = {isa = PBXFileReference; fileEncoding = 4; lastKnownFileType = sourcecode.c.objc; path = HPGrowingTextView.m; sourceTree = "<group>"; };
		0B0FBBBC1C5F578C0040E630 /* HPTextViewInternal.h */ = {isa = PBXFileReference; fileEncoding = 4; lastKnownFileType = sourcecode.c.h; path = HPTextViewInternal.h; sourceTree = "<group>"; };
		0B0FBBBD1C5F578C0040E630 /* HPTextViewInternal.m */ = {isa = PBXFileReference; fileEncoding = 4; lastKnownFileType = sourcecode.c.objc; path = HPTextViewInternal.m; sourceTree = "<group>"; };
		0B0FBBBF1C5F578C0040E630 /* MHFacebookImageViewer.h */ = {isa = PBXFileReference; fileEncoding = 4; lastKnownFileType = sourcecode.c.h; path = MHFacebookImageViewer.h; sourceTree = "<group>"; };
		0B0FBBC01C5F578C0040E630 /* MHFacebookImageViewer.m */ = {isa = PBXFileReference; fileEncoding = 4; lastKnownFileType = sourcecode.c.objc; path = MHFacebookImageViewer.m; sourceTree = "<group>"; };
		0B0FBBC11C5F578C0040E630 /* UIImageView+MHFacebookImageViewer.h */ = {isa = PBXFileReference; fileEncoding = 4; lastKnownFileType = sourcecode.c.h; path = "UIImageView+MHFacebookImageViewer.h"; sourceTree = "<group>"; };
		0B0FBBC21C5F578C0040E630 /* UIImageView+MHFacebookImageViewer.m */ = {isa = PBXFileReference; fileEncoding = 4; lastKnownFileType = sourcecode.c.objc; path = "UIImageView+MHFacebookImageViewer.m"; sourceTree = "<group>"; };
		0B0FBBC71C5F578C0040E630 /* interf_dec.h */ = {isa = PBXFileReference; fileEncoding = 4; lastKnownFileType = sourcecode.c.h; path = interf_dec.h; sourceTree = "<group>"; };
		0B0FBBC81C5F578C0040E630 /* interf_enc.h */ = {isa = PBXFileReference; fileEncoding = 4; lastKnownFileType = sourcecode.c.h; path = interf_enc.h; sourceTree = "<group>"; };
		0B0FBBCA1C5F578C0040E630 /* dec_if.h */ = {isa = PBXFileReference; fileEncoding = 4; lastKnownFileType = sourcecode.c.h; path = dec_if.h; sourceTree = "<group>"; };
		0B0FBBCB1C5F578C0040E630 /* if_rom.h */ = {isa = PBXFileReference; fileEncoding = 4; lastKnownFileType = sourcecode.c.h; path = if_rom.h; sourceTree = "<group>"; };
		0B0FBBCD1C5F578C0040E630 /* libopencore-amrnb.a */ = {isa = PBXFileReference; lastKnownFileType = archive.ar; path = "libopencore-amrnb.a"; sourceTree = "<group>"; };
		0B0FBBCE1C5F578C0040E630 /* libopencore-amrwb.a */ = {isa = PBXFileReference; lastKnownFileType = archive.ar; path = "libopencore-amrwb.a"; sourceTree = "<group>"; };
		0B0FBBCF1C5F578C0040E630 /* AmrRecordWriter.h */ = {isa = PBXFileReference; fileEncoding = 4; lastKnownFileType = sourcecode.c.h; path = AmrRecordWriter.h; sourceTree = "<group>"; };
		0B0FBBD01C5F578C0040E630 /* AmrRecordWriter.m */ = {isa = PBXFileReference; fileEncoding = 4; lastKnownFileType = sourcecode.c.objc; path = AmrRecordWriter.m; sourceTree = "<group>"; };
		0B0FBBD11C5F578C0040E630 /* CafRecordWriter.h */ = {isa = PBXFileReference; fileEncoding = 4; lastKnownFileType = sourcecode.c.h; path = CafRecordWriter.h; sourceTree = "<group>"; };
		0B0FBBD21C5F578C0040E630 /* CafRecordWriter.m */ = {isa = PBXFileReference; fileEncoding = 4; lastKnownFileType = sourcecode.c.objc; path = CafRecordWriter.m; sourceTree = "<group>"; };
		0B0FBBD31C5F578C0040E630 /* Debug.h */ = {isa = PBXFileReference; fileEncoding = 4; lastKnownFileType = sourcecode.c.h; path = Debug.h; sourceTree = "<group>"; };
		0B0FBBD41C5F578C0040E630 /* MLAudioMeterObserver.h */ = {isa = PBXFileReference; fileEncoding = 4; lastKnownFileType = sourcecode.c.h; path = MLAudioMeterObserver.h; sourceTree = "<group>"; };
		0B0FBBD51C5F578C0040E630 /* MLAudioMeterObserver.m */ = {isa = PBXFileReference; fileEncoding = 4; lastKnownFileType = sourcecode.c.objc; path = MLAudioMeterObserver.m; sourceTree = "<group>"; };
		0B0FBBD61C5F578C0040E630 /* MLAudioRecorder.h */ = {isa = PBXFileReference; fileEncoding = 4; lastKnownFileType = sourcecode.c.h; path = MLAudioRecorder.h; sourceTree = "<group>"; };
		0B0FBBD71C5F578C0040E630 /* MLAudioRecorder.m */ = {isa = PBXFileReference; fileEncoding = 4; lastKnownFileType = sourcecode.c.objc; path = MLAudioRecorder.m; sourceTree = "<group>"; };
		0B0FBBD91C5F578C0040E630 /* MKAnnotationView+WebCache.h */ = {isa = PBXFileReference; fileEncoding = 4; lastKnownFileType = sourcecode.c.h; path = "MKAnnotationView+WebCache.h"; sourceTree = "<group>"; };
		0B0FBBDA1C5F578C0040E630 /* MKAnnotationView+WebCache.m */ = {isa = PBXFileReference; fileEncoding = 4; lastKnownFileType = sourcecode.c.objc; path = "MKAnnotationView+WebCache.m"; sourceTree = "<group>"; };
		0B0FBBDB1C5F578C0040E630 /* NSData+ImageContentType.h */ = {isa = PBXFileReference; fileEncoding = 4; lastKnownFileType = sourcecode.c.h; path = "NSData+ImageContentType.h"; sourceTree = "<group>"; };
		0B0FBBDC1C5F578C0040E630 /* NSData+ImageContentType.m */ = {isa = PBXFileReference; fileEncoding = 4; lastKnownFileType = sourcecode.c.objc; path = "NSData+ImageContentType.m"; sourceTree = "<group>"; };
		0B0FBBDD1C5F578C0040E630 /* SDImageCache.h */ = {isa = PBXFileReference; fileEncoding = 4; lastKnownFileType = sourcecode.c.h; path = SDImageCache.h; sourceTree = "<group>"; };
		0B0FBBDE1C5F578C0040E630 /* SDImageCache.m */ = {isa = PBXFileReference; fileEncoding = 4; lastKnownFileType = sourcecode.c.objc; path = SDImageCache.m; sourceTree = "<group>"; };
		0B0FBBDF1C5F578C0040E630 /* SDWebImageCompat.h */ = {isa = PBXFileReference; fileEncoding = 4; lastKnownFileType = sourcecode.c.h; path = SDWebImageCompat.h; sourceTree = "<group>"; };
		0B0FBBE01C5F578C0040E630 /* SDWebImageCompat.m */ = {isa = PBXFileReference; fileEncoding = 4; lastKnownFileType = sourcecode.c.objc; path = SDWebImageCompat.m; sourceTree = "<group>"; };
		0B0FBBE11C5F578C0040E630 /* SDWebImageDecoder.h */ = {isa = PBXFileReference; fileEncoding = 4; lastKnownFileType = sourcecode.c.h; path = SDWebImageDecoder.h; sourceTree = "<group>"; };
		0B0FBBE21C5F578C0040E630 /* SDWebImageDecoder.m */ = {isa = PBXFileReference; fileEncoding = 4; lastKnownFileType = sourcecode.c.objc; path = SDWebImageDecoder.m; sourceTree = "<group>"; };
		0B0FBBE31C5F578C0040E630 /* SDWebImageDownloader.h */ = {isa = PBXFileReference; fileEncoding = 4; lastKnownFileType = sourcecode.c.h; path = SDWebImageDownloader.h; sourceTree = "<group>"; };
		0B0FBBE41C5F578C0040E630 /* SDWebImageDownloader.m */ = {isa = PBXFileReference; fileEncoding = 4; lastKnownFileType = sourcecode.c.objc; path = SDWebImageDownloader.m; sourceTree = "<group>"; };
		0B0FBBE51C5F578C0040E630 /* SDWebImageDownloaderOperation.h */ = {isa = PBXFileReference; fileEncoding = 4; lastKnownFileType = sourcecode.c.h; path = SDWebImageDownloaderOperation.h; sourceTree = "<group>"; };
		0B0FBBE61C5F578C0040E630 /* SDWebImageDownloaderOperation.m */ = {isa = PBXFileReference; fileEncoding = 4; lastKnownFileType = sourcecode.c.objc; path = SDWebImageDownloaderOperation.m; sourceTree = "<group>"; };
		0B0FBBE71C5F578C0040E630 /* SDWebImageManager.h */ = {isa = PBXFileReference; fileEncoding = 4; lastKnownFileType = sourcecode.c.h; path = SDWebImageManager.h; sourceTree = "<group>"; };
		0B0FBBE81C5F578C0040E630 /* SDWebImageManager.m */ = {isa = PBXFileReference; fileEncoding = 4; lastKnownFileType = sourcecode.c.objc; path = SDWebImageManager.m; sourceTree = "<group>"; };
		0B0FBBE91C5F578C0040E630 /* SDWebImageOperation.h */ = {isa = PBXFileReference; fileEncoding = 4; lastKnownFileType = sourcecode.c.h; path = SDWebImageOperation.h; sourceTree = "<group>"; };
		0B0FBBEA1C5F578C0040E630 /* SDWebImagePrefetcher.h */ = {isa = PBXFileReference; fileEncoding = 4; lastKnownFileType = sourcecode.c.h; path = SDWebImagePrefetcher.h; sourceTree = "<group>"; };
		0B0FBBEB1C5F578C0040E630 /* SDWebImagePrefetcher.m */ = {isa = PBXFileReference; fileEncoding = 4; lastKnownFileType = sourcecode.c.objc; path = SDWebImagePrefetcher.m; sourceTree = "<group>"; };
		0B0FBBEC1C5F578C0040E630 /* UIButton+WebCache.h */ = {isa = PBXFileReference; fileEncoding = 4; lastKnownFileType = sourcecode.c.h; path = "UIButton+WebCache.h"; sourceTree = "<group>"; };
		0B0FBBED1C5F578C0040E630 /* UIButton+WebCache.m */ = {isa = PBXFileReference; fileEncoding = 4; lastKnownFileType = sourcecode.c.objc; path = "UIButton+WebCache.m"; sourceTree = "<group>"; };
		0B0FBBEE1C5F578C0040E630 /* UIImage+GIF.h */ = {isa = PBXFileReference; fileEncoding = 4; lastKnownFileType = sourcecode.c.h; path = "UIImage+GIF.h"; sourceTree = "<group>"; };
		0B0FBBEF1C5F578C0040E630 /* UIImage+GIF.m */ = {isa = PBXFileReference; fileEncoding = 4; lastKnownFileType = sourcecode.c.objc; path = "UIImage+GIF.m"; sourceTree = "<group>"; };
		0B0FBBF01C5F578C0040E630 /* UIImage+MultiFormat.h */ = {isa = PBXFileReference; fileEncoding = 4; lastKnownFileType = sourcecode.c.h; path = "UIImage+MultiFormat.h"; sourceTree = "<group>"; };
		0B0FBBF11C5F578C0040E630 /* UIImage+MultiFormat.m */ = {isa = PBXFileReference; fileEncoding = 4; lastKnownFileType = sourcecode.c.objc; path = "UIImage+MultiFormat.m"; sourceTree = "<group>"; };
		0B0FBBF21C5F578C0040E630 /* UIImage+WebP.h */ = {isa = PBXFileReference; fileEncoding = 4; lastKnownFileType = sourcecode.c.h; path = "UIImage+WebP.h"; sourceTree = "<group>"; };
		0B0FBBF31C5F578C0040E630 /* UIImage+WebP.m */ = {isa = PBXFileReference; fileEncoding = 4; lastKnownFileType = sourcecode.c.objc; path = "UIImage+WebP.m"; sourceTree = "<group>"; };
		0B0FBBF41C5F578C0040E630 /* UIImageView+HighlightedWebCache.h */ = {isa = PBXFileReference; fileEncoding = 4; lastKnownFileType = sourcecode.c.h; path = "UIImageView+HighlightedWebCache.h"; sourceTree = "<group>"; };
		0B0FBBF51C5F578C0040E630 /* UIImageView+HighlightedWebCache.m */ = {isa = PBXFileReference; fileEncoding = 4; lastKnownFileType = sourcecode.c.objc; path = "UIImageView+HighlightedWebCache.m"; sourceTree = "<group>"; };
		0B0FBBF61C5F578C0040E630 /* UIImageView+WebCache.h */ = {isa = PBXFileReference; fileEncoding = 4; lastKnownFileType = sourcecode.c.h; path = "UIImageView+WebCache.h"; sourceTree = "<group>"; };
		0B0FBBF71C5F578C0040E630 /* UIImageView+WebCache.m */ = {isa = PBXFileReference; fileEncoding = 4; lastKnownFileType = sourcecode.c.objc; path = "UIImageView+WebCache.m"; sourceTree = "<group>"; };
		0B0FBBF81C5F578C0040E630 /* UIView+WebCacheOperation.h */ = {isa = PBXFileReference; fileEncoding = 4; lastKnownFileType = sourcecode.c.h; path = "UIView+WebCacheOperation.h"; sourceTree = "<group>"; };
		0B0FBBF91C5F578C0040E630 /* UIView+WebCacheOperation.m */ = {isa = PBXFileReference; fileEncoding = 4; lastKnownFileType = sourcecode.c.objc; path = "UIView+WebCacheOperation.m"; sourceTree = "<group>"; };
		0B0FBBFB1C5F578C0040E630 /* TTTAttributedLabel.h */ = {isa = PBXFileReference; fileEncoding = 4; lastKnownFileType = sourcecode.c.h; path = TTTAttributedLabel.h; sourceTree = "<group>"; };
		0B0FBBFC1C5F578C0040E630 /* TTTAttributedLabel.m */ = {isa = PBXFileReference; fileEncoding = 4; lastKnownFileType = sourcecode.c.objc; path = TTTAttributedLabel.m; sourceTree = "<group>"; };
		0B0FBBFF1C5F578C0040E630 /* amrFileCodec.h */ = {isa = PBXFileReference; fileEncoding = 4; lastKnownFileType = sourcecode.c.h; path = amrFileCodec.h; sourceTree = "<group>"; };
		0B0FBC001C5F578C0040E630 /* amrFileCodec.mm */ = {isa = PBXFileReference; fileEncoding = 4; lastKnownFileType = sourcecode.cpp.objcpp; path = amrFileCodec.mm; sourceTree = "<group>"; };
		0B0FBC011C5F578C0040E630 /* wav.h */ = {isa = PBXFileReference; fileEncoding = 4; lastKnownFileType = sourcecode.c.h; path = wav.h; sourceTree = "<group>"; };
		0B0FBC021C5F578C0040E630 /* wav.mm */ = {isa = PBXFileReference; fileEncoding = 4; lastKnownFileType = sourcecode.cpp.objcpp; path = wav.mm; sourceTree = "<group>"; };
		0B0FBC031C5F578C0040E630 /* VoiceConverter.h */ = {isa = PBXFileReference; fileEncoding = 4; lastKnownFileType = sourcecode.c.h; path = VoiceConverter.h; sourceTree = "<group>"; };
		0B0FBC041C5F578C0040E630 /* VoiceConverter.mm */ = {isa = PBXFileReference; fileEncoding = 4; lastKnownFileType = sourcecode.cpp.objcpp; path = VoiceConverter.mm; sourceTree = "<group>"; };
		0B0FBC061C5F578C0040E630 /* MQChatTableView.h */ = {isa = PBXFileReference; fileEncoding = 4; lastKnownFileType = sourcecode.c.h; path = MQChatTableView.h; sourceTree = "<group>"; };
		0B0FBC071C5F578C0040E630 /* MQChatTableView.m */ = {isa = PBXFileReference; fileEncoding = 4; lastKnownFileType = sourcecode.c.objc; path = MQChatTableView.m; sourceTree = "<group>"; };
		0B0FBC091C5F578C0040E630 /* MQInputBar.h */ = {isa = PBXFileReference; fileEncoding = 4; lastKnownFileType = sourcecode.c.h; path = MQInputBar.h; sourceTree = "<group>"; };
		0B0FBC0A1C5F578C0040E630 /* MQInputBar.m */ = {isa = PBXFileReference; fileEncoding = 4; lastKnownFileType = sourcecode.c.objc; path = MQInputBar.m; sourceTree = "<group>"; };
		0B0FBC0C1C5F578C0040E630 /* MQPullRefreshView.h */ = {isa = PBXFileReference; fileEncoding = 4; lastKnownFileType = sourcecode.c.h; path = MQPullRefreshView.h; sourceTree = "<group>"; };
		0B0FBC0D1C5F578C0040E630 /* MQPullRefreshView.m */ = {isa = PBXFileReference; fileEncoding = 4; lastKnownFileType = sourcecode.c.objc; path = MQPullRefreshView.m; sourceTree = "<group>"; };
		0B0FBC0F1C5F578C0040E630 /* MQRecordView.h */ = {isa = PBXFileReference; fileEncoding = 4; lastKnownFileType = sourcecode.c.h; path = MQRecordView.h; sourceTree = "<group>"; };
		0B0FBC101C5F578C0040E630 /* MQRecordView.m */ = {isa = PBXFileReference; fileEncoding = 4; lastKnownFileType = sourcecode.c.objc; path = MQRecordView.m; sourceTree = "<group>"; };
		0B0FBC121C5F578C0040E630 /* MQToast.h */ = {isa = PBXFileReference; fileEncoding = 4; lastKnownFileType = sourcecode.c.h; path = MQToast.h; sourceTree = "<group>"; };
		0B0FBC131C5F578C0040E630 /* MQToast.m */ = {isa = PBXFileReference; fileEncoding = 4; lastKnownFileType = sourcecode.c.objc; path = MQToast.m; sourceTree = "<group>"; };
		0BB795681C5A0B5F00AB2E83 /* libMeiQiaForAPICloud.a */ = {isa = PBXFileReference; explicitFileType = archive.ar; includeInIndex = 0; path = libMeiQiaForAPICloud.a; sourceTree = BUILT_PRODUCTS_DIR; };
		0BB795751C5A1D2200AB2E83 /* NSDictionaryUtils.h */ = {isa = PBXFileReference; fileEncoding = 4; lastKnownFileType = sourcecode.c.h; path = NSDictionaryUtils.h; sourceTree = "<group>"; };
		0BB795761C5A1D2200AB2E83 /* UZAppDelegate.h */ = {isa = PBXFileReference; fileEncoding = 4; lastKnownFileType = sourcecode.c.h; path = UZAppDelegate.h; sourceTree = "<group>"; };
		0BB795771C5A1D2200AB2E83 /* UZAppUtils.h */ = {isa = PBXFileReference; fileEncoding = 4; lastKnownFileType = sourcecode.c.h; path = UZAppUtils.h; sourceTree = "<group>"; };
		0BB795781C5A1D2200AB2E83 /* UZModule.h */ = {isa = PBXFileReference; fileEncoding = 4; lastKnownFileType = sourcecode.c.h; path = UZModule.h; sourceTree = "<group>"; };
		0BB795791C5A1D5900AB2E83 /* MeiQia.h */ = {isa = PBXFileReference; fileEncoding = 4; lastKnownFileType = sourcecode.c.h; path = MeiQia.h; sourceTree = "<group>"; };
		0BB7957A1C5A1D5900AB2E83 /* MeiQia.m */ = {isa = PBXFileReference; fileEncoding = 4; lastKnownFileType = sourcecode.c.objc; path = MeiQia.m; sourceTree = "<group>"; };
/* End PBXFileReference section */

/* Begin PBXFrameworksBuildPhase section */
		0BB795651C5A0B5F00AB2E83 /* Frameworks */ = {
			isa = PBXFrameworksBuildPhase;
			buildActionMask = 2147483647;
			files = (
				0B0FBC141C5F578C0040E630 /* MeiQiaSDK.framework in Frameworks */,
				0B0FBC441C5F578C0040E630 /* libopencore-amrwb.a in Frameworks */,
				0B0FBC431C5F578C0040E630 /* libopencore-amrnb.a in Frameworks */,
			);
			runOnlyForDeploymentPostprocessing = 0;
		};
/* End PBXFrameworksBuildPhase section */

/* Begin PBXGroup section */
		0B0FBB551C5F578C0040E630 /* MeiQiaSDK */ = {
			isa = PBXGroup;
			children = (
				0B0FBB561C5F578C0040E630 /* MeiQiaSDK.framework */,
				0B0FBB571C5F578C0040E630 /* MeiqiaSDKViewInterface */,
				0B0FBB5A1C5F578C0040E630 /* MQChatViewController */,
			);
			path = MeiQiaSDK;
			sourceTree = "<group>";
		};
		0B0FBB571C5F578C0040E630 /* MeiqiaSDKViewInterface */ = {
			isa = PBXGroup;
			children = (
				0B0FBB581C5F578C0040E630 /* MQServiceToViewInterface.h */,
				0B0FBB591C5F578C0040E630 /* MQServiceToViewInterface.m */,
			);
			path = MeiqiaSDKViewInterface;
			sourceTree = "<group>";
		};
		0B0FBB5A1C5F578C0040E630 /* MQChatViewController */ = {
			isa = PBXGroup;
			children = (
				0B0FBB5B1C5F578C0040E630 /* Assets */,
				0B0FBB5D1C5F578C0040E630 /* Config */,
				0B0FBB621C5F578C0040E630 /* Controllers */,
				0B0FBB691C5F578C0040E630 /* MessageModels */,
				0B0FBB741C5F578C0040E630 /* TableCells */,
				0B0FBB921C5F578C0040E630 /* Utils */,
				0B0FBBA91C5F578C0040E630 /* Vendors */,
				0B0FBC051C5F578C0040E630 /* Views */,
			);
			path = MQChatViewController;
			sourceTree = "<group>";
		};
		0B0FBB5B1C5F578C0040E630 /* Assets */ = {
			isa = PBXGroup;
			children = (
				0B0FBB5C1C5F578C0040E630 /* MQChatViewAsset.bundle */,
			);
			path = Assets;
			sourceTree = "<group>";
		};
		0B0FBB5D1C5F578C0040E630 /* Config */ = {
			isa = PBXGroup;
			children = (
				0B0FBB5E1C5F578C0040E630 /* MQChatViewConfig.h */,
				0B0FBB5F1C5F578C0040E630 /* MQChatViewConfig.m */,
				0B0FBB601C5F578C0040E630 /* MQChatViewManager.h */,
				0B0FBB611C5F578C0040E630 /* MQChatViewManager.m */,
			);
			path = Config;
			sourceTree = "<group>";
		};
		0B0FBB621C5F578C0040E630 /* Controllers */ = {
			isa = PBXGroup;
			children = (
				0B0FBB631C5F578C0040E630 /* MQChatViewController.h */,
				0B0FBB641C5F578C0040E630 /* MQChatViewController.m */,
				0B0FBB651C5F578C0040E630 /* MQChatViewService.h */,
				0B0FBB661C5F578C0040E630 /* MQChatViewService.m */,
				0B0FBB671C5F578C0040E630 /* MQChatViewTableDataSource.h */,
				0B0FBB681C5F578C0040E630 /* MQChatViewTableDataSource.m */,
			);
			path = Controllers;
			sourceTree = "<group>";
		};
		0B0FBB691C5F578C0040E630 /* MessageModels */ = {
			isa = PBXGroup;
			children = (
				0B0FBB6A1C5F578C0040E630 /* MQBaseMessage.h */,
				0B0FBB6B1C5F578C0040E630 /* MQBaseMessage.m */,
				0B0FBB6C1C5F578C0040E630 /* MQEventMessage.h */,
				0B0FBB6D1C5F578C0040E630 /* MQEventMessage.m */,
				0B0FBB6E1C5F578C0040E630 /* MQImageMessage.h */,
				0B0FBB6F1C5F578C0040E630 /* MQImageMessage.m */,
				0B0FBB701C5F578C0040E630 /* MQTextMessage.h */,
				0B0FBB711C5F578C0040E630 /* MQTextMessage.m */,
				0B0FBB721C5F578C0040E630 /* MQVoiceMessage.h */,
				0B0FBB731C5F578C0040E630 /* MQVoiceMessage.m */,
			);
			path = MessageModels;
			sourceTree = "<group>";
		};
		0B0FBB741C5F578C0040E630 /* TableCells */ = {
			isa = PBXGroup;
			children = (
				0B0FBB751C5F578C0040E630 /* CellModel */,
				0B0FBB831C5F578C0040E630 /* CellView */,
			);
			path = TableCells;
			sourceTree = "<group>";
		};
		0B0FBB751C5F578C0040E630 /* CellModel */ = {
			isa = PBXGroup;
			children = (
				0B0FBB761C5F578C0040E630 /* MQCellModelProtocol.h */,
				0B0FBB771C5F578C0040E630 /* MQEventCellModel.h */,
				0B0FBB781C5F578C0040E630 /* MQEventCellModel.m */,
				0B0FBB791C5F578C0040E630 /* MQImageCellModel.h */,
				0B0FBB7A1C5F578C0040E630 /* MQImageCellModel.m */,
				0B0FBB7B1C5F578C0040E630 /* MQMessageDateCellModel.h */,
				0B0FBB7C1C5F578C0040E630 /* MQMessageDateCellModel.m */,
				0B0FBB7D1C5F578C0040E630 /* MQTextCellModel.h */,
				0B0FBB7E1C5F578C0040E630 /* MQTextCellModel.m */,
				0B0FBB7F1C5F578C0040E630 /* MQTipsCellModel.h */,
				0B0FBB801C5F578C0040E630 /* MQTipsCellModel.m */,
				0B0FBB811C5F578C0040E630 /* MQVoiceCellModel.h */,
				0B0FBB821C5F578C0040E630 /* MQVoiceCellModel.m */,
			);
			path = CellModel;
			sourceTree = "<group>";
		};
		0B0FBB831C5F578C0040E630 /* CellView */ = {
			isa = PBXGroup;
			children = (
				0B0FBB841C5F578C0040E630 /* MQChatBaseCell.h */,
				0B0FBB851C5F578C0040E630 /* MQChatBaseCell.m */,
				0B0FBB861C5F578C0040E630 /* MQEventMessageCell.h */,
				0B0FBB871C5F578C0040E630 /* MQEventMessageCell.m */,
				0B0FBB881C5F578C0040E630 /* MQImageMessageCell.h */,
				0B0FBB891C5F578C0040E630 /* MQImageMessageCell.m */,
				0B0FBB8A1C5F578C0040E630 /* MQMessageDateCell.h */,
				0B0FBB8B1C5F578C0040E630 /* MQMessageDateCell.m */,
				0B0FBB8C1C5F578C0040E630 /* MQTextMessageCell.h */,
				0B0FBB8D1C5F578C0040E630 /* MQTextMessageCell.m */,
				0B0FBB8E1C5F578C0040E630 /* MQTipsCell.h */,
				0B0FBB8F1C5F578C0040E630 /* MQTipsCell.m */,
				0B0FBB901C5F578C0040E630 /* MQVoiceMessageCell.h */,
				0B0FBB911C5F578C0040E630 /* MQVoiceMessageCell.m */,
			);
			path = CellView;
			sourceTree = "<group>";
		};
		0B0FBB921C5F578C0040E630 /* Utils */ = {
			isa = PBXGroup;
			children = (
				0B0FBB931C5F578C0040E630 /* MQAssetUtil.h */,
				0B0FBB941C5F578C0040E630 /* MQAssetUtil.m */,
				0B0FBB951C5F578C0040E630 /* MQBundleUtil.h */,
				0B0FBB961C5F578C0040E630 /* MQBundleUtil.m */,
				0B0FBB971C5F578C0040E630 /* MQChatAudioPlayer.h */,
				0B0FBB981C5F578C0040E630 /* MQChatAudioPlayer.m */,
				0B0FBB991C5F578C0040E630 /* MQChatAudioRecorder.h */,
				0B0FBB9A1C5F578C0040E630 /* MQChatAudioRecorder.m */,
				0B0FBB9B1C5F578C0040E630 /* MQChatDeviceUtil.h */,
				0B0FBB9C1C5F578C0040E630 /* MQChatDeviceUtil.m */,
				0B0FBB9D1C5F578C0040E630 /* MQChatEmojize.h */,
				0B0FBB9E1C5F578C0040E630 /* MQChatEmojize.m */,
				0B0FBB9F1C5F578C0040E630 /* MQChatFileUtil.h */,
				0B0FBBA01C5F578C0040E630 /* MQChatFileUtil.m */,
				0B0FBBA11C5F578C0040E630 /* MQChatRegexUtil.h */,
				0B0FBBA21C5F578C0040E630 /* MQChatRegexUtil.m */,
				0B0FBBA31C5F578C0040E630 /* MQDateFormatterUtil.h */,
				0B0FBBA41C5F578C0040E630 /* MQDateFormatterUtil.m */,
				0B0FBBA51C5F578C0040E630 /* MQImageUtil.h */,
				0B0FBBA61C5F578C0040E630 /* MQImageUtil.m */,
				0B0FBBA71C5F578C0040E630 /* MQStringSizeUtil.h */,
				0B0FBBA81C5F578C0040E630 /* MQStringSizeUtil.m */,
			);
			path = Utils;
			sourceTree = "<group>";
		};
		0B0FBBA91C5F578C0040E630 /* Vendors */ = {
			isa = PBXGroup;
			children = (
				0B0FBBAA1C5F578C0040E630 /* FBDigitalFont */,
				0B0FBBB91C5F578C0040E630 /* HPTextView */,
				0B0FBBBE1C5F578C0040E630 /* MHFacebookImageViewer */,
				0B0FBBC31C5F578C0040E630 /* MLAudioRecorder */,
				0B0FBBD81C5F578C0040E630 /* SDWebImage */,
				0B0FBBFA1C5F578C0040E630 /* TTTAttributedLabel */,
				0B0FBBFD1C5F578C0040E630 /* VoiceConvert */,
			);
			path = Vendors;
			sourceTree = "<group>";
		};
		0B0FBBAA1C5F578C0040E630 /* FBDigitalFont */ = {
			isa = PBXGroup;
			children = (
				0B0FBBAB1C5F578C0040E630 /* FBBitmapFont.h */,
				0B0FBBAC1C5F578C0040E630 /* FBBitmapFont.m */,
				0B0FBBAD1C5F578C0040E630 /* FBBitmapFontView.h */,
				0B0FBBAE1C5F578C0040E630 /* FBBitmapFontView.m */,
				0B0FBBAF1C5F578C0040E630 /* FBFontSymbol.h */,
				0B0FBBB01C5F578C0040E630 /* FBFontSymbol.m */,
				0B0FBBB11C5F578C0040E630 /* FBLCDFont.h */,
				0B0FBBB21C5F578C0040E630 /* FBLCDFont.m */,
				0B0FBBB31C5F578C0040E630 /* FBLCDFontView.h */,
				0B0FBBB41C5F578C0040E630 /* FBLCDFontView.m */,
				0B0FBBB51C5F578C0040E630 /* FBSquareFont.h */,
				0B0FBBB61C5F578C0040E630 /* FBSquareFont.m */,
				0B0FBBB71C5F578C0040E630 /* FBSquareFontView.h */,
				0B0FBBB81C5F578C0040E630 /* FBSquareFontView.m */,
			);
			path = FBDigitalFont;
			sourceTree = "<group>";
		};
		0B0FBBB91C5F578C0040E630 /* HPTextView */ = {
			isa = PBXGroup;
			children = (
				0B0FBBBA1C5F578C0040E630 /* HPGrowingTextView.h */,
				0B0FBBBB1C5F578C0040E630 /* HPGrowingTextView.m */,
				0B0FBBBC1C5F578C0040E630 /* HPTextViewInternal.h */,
				0B0FBBBD1C5F578C0040E630 /* HPTextViewInternal.m */,
			);
			path = HPTextView;
			sourceTree = "<group>";
		};
		0B0FBBBE1C5F578C0040E630 /* MHFacebookImageViewer */ = {
			isa = PBXGroup;
			children = (
				0B0FBBBF1C5F578C0040E630 /* MHFacebookImageViewer.h */,
				0B0FBBC01C5F578C0040E630 /* MHFacebookImageViewer.m */,
				0B0FBBC11C5F578C0040E630 /* UIImageView+MHFacebookImageViewer.h */,
				0B0FBBC21C5F578C0040E630 /* UIImageView+MHFacebookImageViewer.m */,
			);
			path = MHFacebookImageViewer;
			sourceTree = "<group>";
		};
		0B0FBBC31C5F578C0040E630 /* MLAudioRecorder */ = {
			isa = PBXGroup;
			children = (
				0B0FBBC41C5F578C0040E630 /* amr_en_de */,
				0B0FBBCF1C5F578C0040E630 /* AmrRecordWriter.h */,
				0B0FBBD01C5F578C0040E630 /* AmrRecordWriter.m */,
				0B0FBBD11C5F578C0040E630 /* CafRecordWriter.h */,
				0B0FBBD21C5F578C0040E630 /* CafRecordWriter.m */,
				0B0FBBD31C5F578C0040E630 /* Debug.h */,
				0B0FBBD41C5F578C0040E630 /* MLAudioMeterObserver.h */,
				0B0FBBD51C5F578C0040E630 /* MLAudioMeterObserver.m */,
				0B0FBBD61C5F578C0040E630 /* MLAudioRecorder.h */,
				0B0FBBD71C5F578C0040E630 /* MLAudioRecorder.m */,
			);
			path = MLAudioRecorder;
			sourceTree = "<group>";
		};
		0B0FBBC41C5F578C0040E630 /* amr_en_de */ = {
			isa = PBXGroup;
			children = (
				0B0FBBC51C5F578C0040E630 /* include */,
				0B0FBBCC1C5F578C0040E630 /* lib */,
			);
			path = amr_en_de;
			sourceTree = "<group>";
		};
		0B0FBBC51C5F578C0040E630 /* include */ = {
			isa = PBXGroup;
			children = (
				0B0FBBC61C5F578C0040E630 /* opencore-amrnb */,
				0B0FBBC91C5F578C0040E630 /* opencore-amrwb */,
			);
			path = include;
			sourceTree = "<group>";
		};
		0B0FBBC61C5F578C0040E630 /* opencore-amrnb */ = {
			isa = PBXGroup;
			children = (
				0B0FBBC71C5F578C0040E630 /* interf_dec.h */,
				0B0FBBC81C5F578C0040E630 /* interf_enc.h */,
			);
			path = "opencore-amrnb";
			sourceTree = "<group>";
		};
		0B0FBBC91C5F578C0040E630 /* opencore-amrwb */ = {
			isa = PBXGroup;
			children = (
				0B0FBBCA1C5F578C0040E630 /* dec_if.h */,
				0B0FBBCB1C5F578C0040E630 /* if_rom.h */,
			);
			path = "opencore-amrwb";
			sourceTree = "<group>";
		};
		0B0FBBCC1C5F578C0040E630 /* lib */ = {
			isa = PBXGroup;
			children = (
				0B0FBBCD1C5F578C0040E630 /* libopencore-amrnb.a */,
				0B0FBBCE1C5F578C0040E630 /* libopencore-amrwb.a */,
			);
			path = lib;
			sourceTree = "<group>";
		};
		0B0FBBD81C5F578C0040E630 /* SDWebImage */ = {
			isa = PBXGroup;
			children = (
				0B0FBBD91C5F578C0040E630 /* MKAnnotationView+WebCache.h */,
				0B0FBBDA1C5F578C0040E630 /* MKAnnotationView+WebCache.m */,
				0B0FBBDB1C5F578C0040E630 /* NSData+ImageContentType.h */,
				0B0FBBDC1C5F578C0040E630 /* NSData+ImageContentType.m */,
				0B0FBBDD1C5F578C0040E630 /* SDImageCache.h */,
				0B0FBBDE1C5F578C0040E630 /* SDImageCache.m */,
				0B0FBBDF1C5F578C0040E630 /* SDWebImageCompat.h */,
				0B0FBBE01C5F578C0040E630 /* SDWebImageCompat.m */,
				0B0FBBE11C5F578C0040E630 /* SDWebImageDecoder.h */,
				0B0FBBE21C5F578C0040E630 /* SDWebImageDecoder.m */,
				0B0FBBE31C5F578C0040E630 /* SDWebImageDownloader.h */,
				0B0FBBE41C5F578C0040E630 /* SDWebImageDownloader.m */,
				0B0FBBE51C5F578C0040E630 /* SDWebImageDownloaderOperation.h */,
				0B0FBBE61C5F578C0040E630 /* SDWebImageDownloaderOperation.m */,
				0B0FBBE71C5F578C0040E630 /* SDWebImageManager.h */,
				0B0FBBE81C5F578C0040E630 /* SDWebImageManager.m */,
				0B0FBBE91C5F578C0040E630 /* SDWebImageOperation.h */,
				0B0FBBEA1C5F578C0040E630 /* SDWebImagePrefetcher.h */,
				0B0FBBEB1C5F578C0040E630 /* SDWebImagePrefetcher.m */,
				0B0FBBEC1C5F578C0040E630 /* UIButton+WebCache.h */,
				0B0FBBED1C5F578C0040E630 /* UIButton+WebCache.m */,
				0B0FBBEE1C5F578C0040E630 /* UIImage+GIF.h */,
				0B0FBBEF1C5F578C0040E630 /* UIImage+GIF.m */,
				0B0FBBF01C5F578C0040E630 /* UIImage+MultiFormat.h */,
				0B0FBBF11C5F578C0040E630 /* UIImage+MultiFormat.m */,
				0B0FBBF21C5F578C0040E630 /* UIImage+WebP.h */,
				0B0FBBF31C5F578C0040E630 /* UIImage+WebP.m */,
				0B0FBBF41C5F578C0040E630 /* UIImageView+HighlightedWebCache.h */,
				0B0FBBF51C5F578C0040E630 /* UIImageView+HighlightedWebCache.m */,
				0B0FBBF61C5F578C0040E630 /* UIImageView+WebCache.h */,
				0B0FBBF71C5F578C0040E630 /* UIImageView+WebCache.m */,
				0B0FBBF81C5F578C0040E630 /* UIView+WebCacheOperation.h */,
				0B0FBBF91C5F578C0040E630 /* UIView+WebCacheOperation.m */,
			);
			path = SDWebImage;
			sourceTree = "<group>";
		};
		0B0FBBFA1C5F578C0040E630 /* TTTAttributedLabel */ = {
			isa = PBXGroup;
			children = (
				0B0FBBFB1C5F578C0040E630 /* TTTAttributedLabel.h */,
				0B0FBBFC1C5F578C0040E630 /* TTTAttributedLabel.m */,
			);
			path = TTTAttributedLabel;
			sourceTree = "<group>";
		};
		0B0FBBFD1C5F578C0040E630 /* VoiceConvert */ = {
			isa = PBXGroup;
			children = (
				0B0FBBFE1C5F578C0040E630 /* amrwapper */,
				0B0FBC031C5F578C0040E630 /* VoiceConverter.h */,
				0B0FBC041C5F578C0040E630 /* VoiceConverter.mm */,
			);
			path = VoiceConvert;
			sourceTree = "<group>";
		};
		0B0FBBFE1C5F578C0040E630 /* amrwapper */ = {
			isa = PBXGroup;
			children = (
				0B0FBBFF1C5F578C0040E630 /* amrFileCodec.h */,
				0B0FBC001C5F578C0040E630 /* amrFileCodec.mm */,
				0B0FBC011C5F578C0040E630 /* wav.h */,
				0B0FBC021C5F578C0040E630 /* wav.mm */,
			);
			path = amrwapper;
			sourceTree = "<group>";
		};
		0B0FBC051C5F578C0040E630 /* Views */ = {
			isa = PBXGroup;
			children = (
				0B0FBC061C5F578C0040E630 /* MQChatTableView.h */,
				0B0FBC071C5F578C0040E630 /* MQChatTableView.m */,
				0B0FBC081C5F578C0040E630 /* MQInputBar */,
				0B0FBC0B1C5F578C0040E630 /* MQPullRefreshView */,
				0B0FBC0E1C5F578C0040E630 /* MQRecordView */,
				0B0FBC111C5F578C0040E630 /* MQToast */,
			);
			path = Views;
			sourceTree = "<group>";
		};
		0B0FBC081C5F578C0040E630 /* MQInputBar */ = {
			isa = PBXGroup;
			children = (
				0B0FBC091C5F578C0040E630 /* MQInputBar.h */,
				0B0FBC0A1C5F578C0040E630 /* MQInputBar.m */,
			);
			path = MQInputBar;
			sourceTree = "<group>";
		};
		0B0FBC0B1C5F578C0040E630 /* MQPullRefreshView */ = {
			isa = PBXGroup;
			children = (
				0B0FBC0C1C5F578C0040E630 /* MQPullRefreshView.h */,
				0B0FBC0D1C5F578C0040E630 /* MQPullRefreshView.m */,
			);
			path = MQPullRefreshView;
			sourceTree = "<group>";
		};
		0B0FBC0E1C5F578C0040E630 /* MQRecordView */ = {
			isa = PBXGroup;
			children = (
				0B0FBC0F1C5F578C0040E630 /* MQRecordView.h */,
				0B0FBC101C5F578C0040E630 /* MQRecordView.m */,
			);
			path = MQRecordView;
			sourceTree = "<group>";
		};
		0B0FBC111C5F578C0040E630 /* MQToast */ = {
			isa = PBXGroup;
			children = (
				0B0FBC121C5F578C0040E630 /* MQToast.h */,
				0B0FBC131C5F578C0040E630 /* MQToast.m */,
			);
			path = MQToast;
			sourceTree = "<group>";
		};
		0BB7955F1C5A0B5F00AB2E83 = {
			isa = PBXGroup;
			children = (
				0BB7956A1C5A0B5F00AB2E83 /* MeiQiaForAPICloud */,
				0BB795691C5A0B5F00AB2E83 /* Products */,
			);
			sourceTree = "<group>";
		};
		0BB795691C5A0B5F00AB2E83 /* Products */ = {
			isa = PBXGroup;
			children = (
				0BB795681C5A0B5F00AB2E83 /* libMeiQiaForAPICloud.a */,
			);
			name = Products;
			sourceTree = "<group>";
		};
		0BB7956A1C5A0B5F00AB2E83 /* MeiQiaForAPICloud */ = {
			isa = PBXGroup;
			children = (
				0B0FBB551C5F578C0040E630 /* MeiQiaSDK */,
				0BB795741C5A1D2200AB2E83 /* UZEngine */,
				0BB795791C5A1D5900AB2E83 /* MeiQia.h */,
				0BB7957A1C5A1D5900AB2E83 /* MeiQia.m */,
			);
			path = MeiQiaForAPICloud;
			sourceTree = "<group>";
		};
		0BB795741C5A1D2200AB2E83 /* UZEngine */ = {
			isa = PBXGroup;
			children = (
				0BB795751C5A1D2200AB2E83 /* NSDictionaryUtils.h */,
				0BB795761C5A1D2200AB2E83 /* UZAppDelegate.h */,
				0BB795771C5A1D2200AB2E83 /* UZAppUtils.h */,
				0BB795781C5A1D2200AB2E83 /* UZModule.h */,
			);
			path = UZEngine;
			sourceTree = "<group>";
		};
/* End PBXGroup section */

/* Begin PBXNativeTarget section */
		0BB795671C5A0B5F00AB2E83 /* MeiQiaForAPICloud */ = {
			isa = PBXNativeTarget;
			buildConfigurationList = 0BB795711C5A0B5F00AB2E83 /* Build configuration list for PBXNativeTarget "MeiQiaForAPICloud" */;
			buildPhases = (
				0BB795641C5A0B5F00AB2E83 /* Sources */,
				0BB795651C5A0B5F00AB2E83 /* Frameworks */,
				0BB795661C5A0B5F00AB2E83 /* CopyFiles */,
			);
			buildRules = (
			);
			dependencies = (
			);
			name = MeiQiaForAPICloud;
			productName = MeiQiaForAPICloud;
			productReference = 0BB795681C5A0B5F00AB2E83 /* libMeiQiaForAPICloud.a */;
			productType = "com.apple.product-type.library.static";
		};
/* End PBXNativeTarget section */

/* Begin PBXProject section */
		0BB795601C5A0B5F00AB2E83 /* Project object */ = {
			isa = PBXProject;
			attributes = {
				LastUpgradeCheck = 0720;
				ORGANIZATIONNAME = Injoy;
				TargetAttributes = {
					0BB795671C5A0B5F00AB2E83 = {
						CreatedOnToolsVersion = 7.2;
					};
				};
			};
			buildConfigurationList = 0BB795631C5A0B5F00AB2E83 /* Build configuration list for PBXProject "MeiQiaForAPICloud" */;
			compatibilityVersion = "Xcode 3.2";
			developmentRegion = English;
			hasScannedForEncodings = 0;
			knownRegions = (
				en,
			);
			mainGroup = 0BB7955F1C5A0B5F00AB2E83;
			productRefGroup = 0BB795691C5A0B5F00AB2E83 /* Products */;
			projectDirPath = "";
			projectRoot = "";
			targets = (
				0BB795671C5A0B5F00AB2E83 /* MeiQiaForAPICloud */,
			);
		};
/* End PBXProject section */

/* Begin PBXSourcesBuildPhase section */
		0BB795641C5A0B5F00AB2E83 /* Sources */ = {
			isa = PBXSourcesBuildPhase;
			buildActionMask = 2147483647;
			files = (
				0B0FBC231C5F578C0040E630 /* MQTextCellModel.m in Sources */,
				0B0FBC2E1C5F578C0040E630 /* MQBundleUtil.m in Sources */,
				0B0FBC221C5F578C0040E630 /* MQMessageDateCellModel.m in Sources */,
				0B0FBC551C5F578C0040E630 /* UIImage+WebP.m in Sources */,
				0B0FBC421C5F578C0040E630 /* UIImageView+MHFacebookImageViewer.m in Sources */,
				0B0FBC5E1C5F578C0040E630 /* MQInputBar.m in Sources */,
				0B0FBC371C5F578C0040E630 /* MQStringSizeUtil.m in Sources */,
				0B0FBC471C5F578C0040E630 /* MLAudioMeterObserver.m in Sources */,
				0B0FBC2F1C5F578C0040E630 /* MQChatAudioPlayer.m in Sources */,
				0B0FBC611C5F578C0040E630 /* MQToast.m in Sources */,
				0B0FBC351C5F578C0040E630 /* MQDateFormatterUtil.m in Sources */,
				0B0FBC2D1C5F578C0040E630 /* MQAssetUtil.m in Sources */,
				0B0FBC5B1C5F578C0040E630 /* wav.mm in Sources */,
				0B0FBC311C5F578C0040E630 /* MQChatDeviceUtil.m in Sources */,
				0B0FBC5F1C5F578C0040E630 /* MQPullRefreshView.m in Sources */,
				0B0FBC341C5F578C0040E630 /* MQChatRegexUtil.m in Sources */,
				0B0FBC241C5F578C0040E630 /* MQTipsCellModel.m in Sources */,
				0B0FBC3C1C5F578C0040E630 /* FBLCDFontView.m in Sources */,
				0B0FBC4A1C5F578C0040E630 /* NSData+ImageContentType.m in Sources */,
				0B0FBC331C5F578C0040E630 /* MQChatFileUtil.m in Sources */,
				0B0FBC1B1C5F578C0040E630 /* MQBaseMessage.m in Sources */,
				0BB7957B1C5A1D5900AB2E83 /* MeiQia.m in Sources */,
				0B0FBC521C5F578C0040E630 /* UIButton+WebCache.m in Sources */,
				0B0FBC591C5F578C0040E630 /* TTTAttributedLabel.m in Sources */,
				0B0FBC411C5F578C0040E630 /* MHFacebookImageViewer.m in Sources */,
				0B0FBC2B1C5F578C0040E630 /* MQTipsCell.m in Sources */,
				0B0FBC3F1C5F578C0040E630 /* HPGrowingTextView.m in Sources */,
				0B0FBC291C5F578C0040E630 /* MQMessageDateCell.m in Sources */,
				0B0FBC511C5F578C0040E630 /* SDWebImagePrefetcher.m in Sources */,
				0B0FBC181C5F578C0040E630 /* MQChatViewController.m in Sources */,
				0B0FBC4C1C5F578C0040E630 /* SDWebImageCompat.m in Sources */,
				0B0FBC3B1C5F578C0040E630 /* FBLCDFont.m in Sources */,
				0B0FBC201C5F578C0040E630 /* MQEventCellModel.m in Sources */,
				0B0FBC191C5F578C0040E630 /* MQChatViewService.m in Sources */,
				0B0FBC321C5F578C0040E630 /* MQChatEmojize.m in Sources */,
				0B0FBC451C5F578C0040E630 /* AmrRecordWriter.m in Sources */,
				0B0FBC4D1C5F578C0040E630 /* SDWebImageDecoder.m in Sources */,
				0B0FBC271C5F578C0040E630 /* MQEventMessageCell.m in Sources */,
				0B0FBC481C5F578C0040E630 /* MLAudioRecorder.m in Sources */,
				0B0FBC461C5F578C0040E630 /* CafRecordWriter.m in Sources */,
				0B0FBC251C5F578C0040E630 /* MQVoiceCellModel.m in Sources */,
				0B0FBC151C5F578C0040E630 /* MQServiceToViewInterface.m in Sources */,
				0B0FBC281C5F578C0040E630 /* MQImageMessageCell.m in Sources */,
				0B0FBC5A1C5F578C0040E630 /* amrFileCodec.mm in Sources */,
				0B0FBC561C5F578C0040E630 /* UIImageView+HighlightedWebCache.m in Sources */,
				0B0FBC3D1C5F578C0040E630 /* FBSquareFont.m in Sources */,
				0B0FBC301C5F578C0040E630 /* MQChatAudioRecorder.m in Sources */,
				0B0FBC361C5F578C0040E630 /* MQImageUtil.m in Sources */,
				0B0FBC5D1C5F578C0040E630 /* MQChatTableView.m in Sources */,
				0B0FBC581C5F578C0040E630 /* UIView+WebCacheOperation.m in Sources */,
				0B0FBC2A1C5F578C0040E630 /* MQTextMessageCell.m in Sources */,
				0B0FBC4B1C5F578C0040E630 /* SDImageCache.m in Sources */,
				0B0FBC571C5F578C0040E630 /* UIImageView+WebCache.m in Sources */,
				0B0FBC391C5F578C0040E630 /* FBBitmapFontView.m in Sources */,
				0B0FBC1D1C5F578C0040E630 /* MQImageMessage.m in Sources */,
				0B0FBC531C5F578C0040E630 /* UIImage+GIF.m in Sources */,
				0B0FBC171C5F578C0040E630 /* MQChatViewManager.m in Sources */,
				0B0FBC601C5F578C0040E630 /* MQRecordView.m in Sources */,
				0B0FBC1A1C5F578C0040E630 /* MQChatViewTableDataSource.m in Sources */,
				0B0FBC1F1C5F578C0040E630 /* MQVoiceMessage.m in Sources */,
				0B0FBC5C1C5F578C0040E630 /* VoiceConverter.mm in Sources */,
				0B0FBC3A1C5F578C0040E630 /* FBFontSymbol.m in Sources */,
				0B0FBC1E1C5F578C0040E630 /* MQTextMessage.m in Sources */,
				0B0FBC161C5F578C0040E630 /* MQChatViewConfig.m in Sources */,
				0B0FBC381C5F578C0040E630 /* FBBitmapFont.m in Sources */,
				0B0FBC541C5F578C0040E630 /* UIImage+MultiFormat.m in Sources */,
				0B0FBC401C5F578C0040E630 /* HPTextViewInternal.m in Sources */,
				0B0FBC3E1C5F578C0040E630 /* FBSquareFontView.m in Sources */,
				0B0FBC2C1C5F578C0040E630 /* MQVoiceMessageCell.m in Sources */,
				0B0FBC501C5F578C0040E630 /* SDWebImageManager.m in Sources */,
				0B0FBC4E1C5F578C0040E630 /* SDWebImageDownloader.m in Sources */,
				0B0FBC1C1C5F578C0040E630 /* MQEventMessage.m in Sources */,
				0B0FBC4F1C5F578C0040E630 /* SDWebImageDownloaderOperation.m in Sources */,
				0B0FBC491C5F578C0040E630 /* MKAnnotationView+WebCache.m in Sources */,
				0B0FBC261C5F578C0040E630 /* MQChatBaseCell.m in Sources */,
				0B0FBC211C5F578C0040E630 /* MQImageCellModel.m in Sources */,
			);
			runOnlyForDeploymentPostprocessing = 0;
		};
/* End PBXSourcesBuildPhase section */

/* Begin XCBuildConfiguration section */
		0BB7956F1C5A0B5F00AB2E83 /* Debug */ = {
			isa = XCBuildConfiguration;
			buildSettings = {
				ALWAYS_SEARCH_USER_PATHS = NO;
				CLANG_CXX_LANGUAGE_STANDARD = "gnu++0x";
				CLANG_CXX_LIBRARY = "libc++";
				CLANG_ENABLE_MODULES = YES;
				CLANG_ENABLE_OBJC_ARC = YES;
				CLANG_WARN_BOOL_CONVERSION = YES;
				CLANG_WARN_CONSTANT_CONVERSION = YES;
				CLANG_WARN_DIRECT_OBJC_ISA_USAGE = YES_ERROR;
				CLANG_WARN_EMPTY_BODY = YES;
				CLANG_WARN_ENUM_CONVERSION = YES;
				CLANG_WARN_INT_CONVERSION = YES;
				CLANG_WARN_OBJC_ROOT_CLASS = YES_ERROR;
				CLANG_WARN_UNREACHABLE_CODE = YES;
				CLANG_WARN__DUPLICATE_METHOD_MATCH = YES;
				"CODE_SIGN_IDENTITY[sdk=iphoneos*]" = "iPhone Developer";
				COPY_PHASE_STRIP = NO;
				DEBUG_INFORMATION_FORMAT = dwarf;
				ENABLE_STRICT_OBJC_MSGSEND = YES;
				ENABLE_TESTABILITY = YES;
				GCC_C_LANGUAGE_STANDARD = gnu99;
				GCC_DYNAMIC_NO_PIC = NO;
				GCC_NO_COMMON_BLOCKS = YES;
				GCC_OPTIMIZATION_LEVEL = 0;
				GCC_PREPROCESSOR_DEFINITIONS = (
					"DEBUG=1",
					"$(inherited)",
				);
				GCC_WARN_64_TO_32_BIT_CONVERSION = YES;
				GCC_WARN_ABOUT_RETURN_TYPE = YES_ERROR;
				GCC_WARN_UNDECLARED_SELECTOR = YES;
				GCC_WARN_UNINITIALIZED_AUTOS = YES_AGGRESSIVE;
				GCC_WARN_UNUSED_FUNCTION = YES;
				GCC_WARN_UNUSED_VARIABLE = YES;
				IPHONEOS_DEPLOYMENT_TARGET = 6.0;
				MTL_ENABLE_DEBUG_INFO = YES;
				ONLY_ACTIVE_ARCH = YES;
				SDKROOT = iphoneos;
			};
			name = Debug;
		};
		0BB795701C5A0B5F00AB2E83 /* Release */ = {
			isa = XCBuildConfiguration;
			buildSettings = {
				ALWAYS_SEARCH_USER_PATHS = NO;
				CLANG_CXX_LANGUAGE_STANDARD = "gnu++0x";
				CLANG_CXX_LIBRARY = "libc++";
				CLANG_ENABLE_MODULES = YES;
				CLANG_ENABLE_OBJC_ARC = YES;
				CLANG_WARN_BOOL_CONVERSION = YES;
				CLANG_WARN_CONSTANT_CONVERSION = YES;
				CLANG_WARN_DIRECT_OBJC_ISA_USAGE = YES_ERROR;
				CLANG_WARN_EMPTY_BODY = YES;
				CLANG_WARN_ENUM_CONVERSION = YES;
				CLANG_WARN_INT_CONVERSION = YES;
				CLANG_WARN_OBJC_ROOT_CLASS = YES_ERROR;
				CLANG_WARN_UNREACHABLE_CODE = YES;
				CLANG_WARN__DUPLICATE_METHOD_MATCH = YES;
				"CODE_SIGN_IDENTITY[sdk=iphoneos*]" = "iPhone Developer";
				COPY_PHASE_STRIP = NO;
				DEBUG_INFORMATION_FORMAT = "dwarf-with-dsym";
				ENABLE_NS_ASSERTIONS = NO;
				ENABLE_STRICT_OBJC_MSGSEND = YES;
				GCC_C_LANGUAGE_STANDARD = gnu99;
				GCC_NO_COMMON_BLOCKS = YES;
				GCC_WARN_64_TO_32_BIT_CONVERSION = YES;
				GCC_WARN_ABOUT_RETURN_TYPE = YES_ERROR;
				GCC_WARN_UNDECLARED_SELECTOR = YES;
				GCC_WARN_UNINITIALIZED_AUTOS = YES_AGGRESSIVE;
				GCC_WARN_UNUSED_FUNCTION = YES;
				GCC_WARN_UNUSED_VARIABLE = YES;
				IPHONEOS_DEPLOYMENT_TARGET = 6.0;
				MTL_ENABLE_DEBUG_INFO = NO;
				SDKROOT = iphoneos;
				VALIDATE_PRODUCT = YES;
			};
			name = Release;
		};
		0BB795721C5A0B5F00AB2E83 /* Debug */ = {
			isa = XCBuildConfiguration;
			buildSettings = {
				ARCHS = (
					"$(ARCHS_STANDARD)",
					armv7s,
				);
				FRAMEWORK_SEARCH_PATHS = (
					"$(inherited)",
					"$(PROJECT_DIR)/MeiQiaForAPICloud/MeiQiaSDK",
				);
				LIBRARY_SEARCH_PATHS = (
					"$(inherited)",
					"$(PROJECT_DIR)/MeiQiaForAPICloud/MeiQiaSDK/MQChatViewController/Vendors/MLAudioRecorder/amr_en_de/lib",
				);
				OTHER_LDFLAGS = "-ObjC";
				PRODUCT_NAME = "$(TARGET_NAME)";
				SKIP_INSTALL = YES;
			};
			name = Debug;
		};
		0BB795731C5A0B5F00AB2E83 /* Release */ = {
			isa = XCBuildConfiguration;
			buildSettings = {
				ARCHS = (
					"$(ARCHS_STANDARD)",
					armv7s,
				);
				FRAMEWORK_SEARCH_PATHS = (
					"$(inherited)",
					"$(PROJECT_DIR)/MeiQiaForAPICloud/MeiQiaSDK",
				);
				LIBRARY_SEARCH_PATHS = (
					"$(inherited)",
					"$(PROJECT_DIR)/MeiQiaForAPICloud/MeiQiaSDK/MQChatViewController/Vendors/MLAudioRecorder/amr_en_de/lib",
				);
				OTHER_LDFLAGS = "-ObjC";
				PRODUCT_NAME = "$(TARGET_NAME)";
				SKIP_INSTALL = YES;
			};
			name = Release;
		};
/* End XCBuildConfiguration section */

/* Begin XCConfigurationList section */
		0BB795631C5A0B5F00AB2E83 /* Build configuration list for PBXProject "MeiQiaForAPICloud" */ = {
			isa = XCConfigurationList;
			buildConfigurations = (
				0BB7956F1C5A0B5F00AB2E83 /* Debug */,
				0BB795701C5A0B5F00AB2E83 /* Release */,
			);
			defaultConfigurationIsVisible = 0;
			defaultConfigurationName = Release;
		};
		0BB795711C5A0B5F00AB2E83 /* Build configuration list for PBXNativeTarget "MeiQiaForAPICloud" */ = {
			isa = XCConfigurationList;
			buildConfigurations = (
				0BB795721C5A0B5F00AB2E83 /* Debug */,
				0BB795731C5A0B5F00AB2E83 /* Release */,
			);
			defaultConfigurationIsVisible = 0;
			defaultConfigurationName = Release;
		};
/* End XCConfigurationList section */
	};
	rootObject = 0BB795601C5A0B5F00AB2E83 /* Project object */;
}
