// !$*UTF8*$!
{
	archiveVersion = 1;
	classes = {
	};
	objectVersion = 46;
	objects = {

/* Begin PBXBuildFile section */
		0BB7957B1C5A1D5900AB2E83 /* MeiQia.m in Sources */ = {isa = PBXBuildFile; fileRef = 0BB7957A1C5A1D5900AB2E83 /* MeiQia.m */; };
		0BBF52831C859024005566C1 /* MeiQiaSDK.framework in Frameworks */ = {isa = PBXBuildFile; fileRef = 0BBF51DE1C859023005566C1 /* MeiQiaSDK.framework */; };
		0BBF52841C859024005566C1 /* MQServiceToViewInterface.m in Sources */ = {isa = PBXBuildFile; fileRef = 0BBF51E11C859023005566C1 /* MQServiceToViewInterface.m */; };
		0BBF52851C859024005566C1 /* MQChatViewConfig.m in Sources */ = {isa = PBXBuildFile; fileRef = 0BBF51E71C859023005566C1 /* MQChatViewConfig.m */; };
		0BBF52861C859024005566C1 /* MQChatViewManager.m in Sources */ = {isa = PBXBuildFile; fileRef = 0BBF51E91C859023005566C1 /* MQChatViewManager.m */; };
		0BBF52871C859024005566C1 /* MQChatViewController.m in Sources */ = {isa = PBXBuildFile; fileRef = 0BBF51EC1C859023005566C1 /* MQChatViewController.m */; };
		0BBF52881C859024005566C1 /* MQChatViewService.m in Sources */ = {isa = PBXBuildFile; fileRef = 0BBF51EE1C859023005566C1 /* MQChatViewService.m */; };
		0BBF52891C859024005566C1 /* MQChatViewTableDataSource.m in Sources */ = {isa = PBXBuildFile; fileRef = 0BBF51F01C859023005566C1 /* MQChatViewTableDataSource.m */; };
		0BBF528A1C859024005566C1 /* MQBaseMessage.m in Sources */ = {isa = PBXBuildFile; fileRef = 0BBF51F31C859023005566C1 /* MQBaseMessage.m */; };
		0BBF528B1C859024005566C1 /* MQEventMessage.m in Sources */ = {isa = PBXBuildFile; fileRef = 0BBF51F51C859023005566C1 /* MQEventMessage.m */; };
		0BBF528C1C859024005566C1 /* MQImageMessage.m in Sources */ = {isa = PBXBuildFile; fileRef = 0BBF51F71C859023005566C1 /* MQImageMessage.m */; };
		0BBF528D1C859024005566C1 /* MQTextMessage.m in Sources */ = {isa = PBXBuildFile; fileRef = 0BBF51F91C859023005566C1 /* MQTextMessage.m */; };
		0BBF528E1C859024005566C1 /* MQVoiceMessage.m in Sources */ = {isa = PBXBuildFile; fileRef = 0BBF51FB1C859023005566C1 /* MQVoiceMessage.m */; };
		0BBF528F1C859024005566C1 /* MQEventCellModel.m in Sources */ = {isa = PBXBuildFile; fileRef = 0BBF52001C859023005566C1 /* MQEventCellModel.m */; };
		0BBF52901C859024005566C1 /* MQImageCellModel.m in Sources */ = {isa = PBXBuildFile; fileRef = 0BBF52021C859023005566C1 /* MQImageCellModel.m */; };
		0BBF52911C859024005566C1 /* MQMessageDateCellModel.m in Sources */ = {isa = PBXBuildFile; fileRef = 0BBF52041C859023005566C1 /* MQMessageDateCellModel.m */; };
		0BBF52921C859024005566C1 /* MQTextCellModel.m in Sources */ = {isa = PBXBuildFile; fileRef = 0BBF52061C859023005566C1 /* MQTextCellModel.m */; };
		0BBF52931C859024005566C1 /* MQTipsCellModel.m in Sources */ = {isa = PBXBuildFile; fileRef = 0BBF52081C859023005566C1 /* MQTipsCellModel.m */; };
		0BBF52941C859024005566C1 /* MQVoiceCellModel.m in Sources */ = {isa = PBXBuildFile; fileRef = 0BBF520A1C859023005566C1 /* MQVoiceCellModel.m */; };
		0BBF52951C859024005566C1 /* MQChatBaseCell.m in Sources */ = {isa = PBXBuildFile; fileRef = 0BBF520D1C859023005566C1 /* MQChatBaseCell.m */; };
		0BBF52961C859024005566C1 /* MQEvaluationCell.m in Sources */ = {isa = PBXBuildFile; fileRef = 0BBF520F1C859023005566C1 /* MQEvaluationCell.m */; };
		0BBF52971C859024005566C1 /* MQEventMessageCell.m in Sources */ = {isa = PBXBuildFile; fileRef = 0BBF52111C859023005566C1 /* MQEventMessageCell.m */; };
		0BBF52981C859024005566C1 /* MQImageMessageCell.m in Sources */ = {isa = PBXBuildFile; fileRef = 0BBF52131C859023005566C1 /* MQImageMessageCell.m */; };
		0BBF52991C859024005566C1 /* MQMessageDateCell.m in Sources */ = {isa = PBXBuildFile; fileRef = 0BBF52151C859023005566C1 /* MQMessageDateCell.m */; };
		0BBF529A1C859024005566C1 /* MQTextMessageCell.m in Sources */ = {isa = PBXBuildFile; fileRef = 0BBF52171C859023005566C1 /* MQTextMessageCell.m */; };
		0BBF529B1C859024005566C1 /* MQTipsCell.m in Sources */ = {isa = PBXBuildFile; fileRef = 0BBF52191C859023005566C1 /* MQTipsCell.m */; };
		0BBF529C1C859024005566C1 /* MQVoiceMessageCell.m in Sources */ = {isa = PBXBuildFile; fileRef = 0BBF521B1C859024005566C1 /* MQVoiceMessageCell.m */; };
		0BBF529D1C859024005566C1 /* MQAssetUtil.m in Sources */ = {isa = PBXBuildFile; fileRef = 0BBF521E1C859024005566C1 /* MQAssetUtil.m */; };
		0BBF529E1C859024005566C1 /* MQBundleUtil.m in Sources */ = {isa = PBXBuildFile; fileRef = 0BBF52201C859024005566C1 /* MQBundleUtil.m */; };
		0BBF529F1C859024005566C1 /* MQChatAudioPlayer.m in Sources */ = {isa = PBXBuildFile; fileRef = 0BBF52221C859024005566C1 /* MQChatAudioPlayer.m */; };
		0BBF52A01C859024005566C1 /* MQChatAudioRecorder.m in Sources */ = {isa = PBXBuildFile; fileRef = 0BBF52241C859024005566C1 /* MQChatAudioRecorder.m */; };
		0BBF52A11C859024005566C1 /* MQChatDeviceUtil.m in Sources */ = {isa = PBXBuildFile; fileRef = 0BBF52261C859024005566C1 /* MQChatDeviceUtil.m */; };
		0BBF52A21C859024005566C1 /* MQChatEmojize.m in Sources */ = {isa = PBXBuildFile; fileRef = 0BBF52281C859024005566C1 /* MQChatEmojize.m */; };
		0BBF52A31C859024005566C1 /* MQChatFileUtil.m in Sources */ = {isa = PBXBuildFile; fileRef = 0BBF522A1C859024005566C1 /* MQChatFileUtil.m */; };
		0BBF52A41C859024005566C1 /* MQChatRegexUtil.m in Sources */ = {isa = PBXBuildFile; fileRef = 0BBF522C1C859024005566C1 /* MQChatRegexUtil.m */; };
		0BBF52A51C859024005566C1 /* MQDateFormatterUtil.m in Sources */ = {isa = PBXBuildFile; fileRef = 0BBF522E1C859024005566C1 /* MQDateFormatterUtil.m */; };
		0BBF52A61C859024005566C1 /* MQImageUtil.m in Sources */ = {isa = PBXBuildFile; fileRef = 0BBF52301C859024005566C1 /* MQImageUtil.m */; };
		0BBF52A71C859024005566C1 /* MQStringSizeUtil.m in Sources */ = {isa = PBXBuildFile; fileRef = 0BBF52321C859024005566C1 /* MQStringSizeUtil.m */; };
		0BBF52A81C859024005566C1 /* MEIQIA_CustomIOSAlertView.m in Sources */ = {isa = PBXBuildFile; fileRef = 0BBF52361C859024005566C1 /* MEIQIA_CustomIOSAlertView.m */; };
		0BBF52A91C859024005566C1 /* MEIQIA_FBBitmapFont.m in Sources */ = {isa = PBXBuildFile; fileRef = 0BBF52391C859024005566C1 /* MEIQIA_FBBitmapFont.m */; };
		0BBF52AA1C859024005566C1 /* MEIQIA_FBBitmapFontView.m in Sources */ = {isa = PBXBuildFile; fileRef = 0BBF523B1C859024005566C1 /* MEIQIA_FBBitmapFontView.m */; };
		0BBF52AB1C859024005566C1 /* MEIQIA_FBFontSymbol.m in Sources */ = {isa = PBXBuildFile; fileRef = 0BBF523D1C859024005566C1 /* MEIQIA_FBFontSymbol.m */; };
		0BBF52AC1C859024005566C1 /* MEIQIA_FBLCDFont.m in Sources */ = {isa = PBXBuildFile; fileRef = 0BBF523F1C859024005566C1 /* MEIQIA_FBLCDFont.m */; };
		0BBF52AD1C859024005566C1 /* MEIQIA_FBLCDFontView.m in Sources */ = {isa = PBXBuildFile; fileRef = 0BBF52411C859024005566C1 /* MEIQIA_FBLCDFontView.m */; };
		0BBF52AE1C859024005566C1 /* MEIQIA_FBSquareFont.m in Sources */ = {isa = PBXBuildFile; fileRef = 0BBF52431C859024005566C1 /* MEIQIA_FBSquareFont.m */; };
		0BBF52AF1C859024005566C1 /* MEIQIA_FBSquareFontView.m in Sources */ = {isa = PBXBuildFile; fileRef = 0BBF52451C859024005566C1 /* MEIQIA_FBSquareFontView.m */; };
		0BBF52B01C859024005566C1 /* MEIQIA_HPGrowingTextView.m in Sources */ = {isa = PBXBuildFile; fileRef = 0BBF52481C859024005566C1 /* MEIQIA_HPGrowingTextView.m */; };
		0BBF52B11C859024005566C1 /* MEIQIA_HPTextViewInternal.m in Sources */ = {isa = PBXBuildFile; fileRef = 0BBF524A1C859024005566C1 /* MEIQIA_HPTextViewInternal.m */; };
		0BBF52B21C859024005566C1 /* MEIQIA_MHFacebookImageViewer.m in Sources */ = {isa = PBXBuildFile; fileRef = 0BBF524D1C859024005566C1 /* MEIQIA_MHFacebookImageViewer.m */; };
		0BBF52B31C859024005566C1 /* UIImageView+MEIQIA_MHFacebookImageViewer.m in Sources */ = {isa = PBXBuildFile; fileRef = 0BBF524F1C859024005566C1 /* UIImageView+MEIQIA_MHFacebookImageViewer.m */; };
		0BBF52B41C859024005566C1 /* libopencore-amrnb.a in Frameworks */ = {isa = PBXBuildFile; fileRef = 0BBF525A1C859024005566C1 /* libopencore-amrnb.a */; };
		0BBF52B51C859024005566C1 /* libopencore-amrwb.a in Frameworks */ = {isa = PBXBuildFile; fileRef = 0BBF525B1C859024005566C1 /* libopencore-amrwb.a */; };
		0BBF52B61C859024005566C1 /* MEIQIA_AmrRecordWriter.m in Sources */ = {isa = PBXBuildFile; fileRef = 0BBF525E1C859024005566C1 /* MEIQIA_AmrRecordWriter.m */; };
		0BBF52B71C859024005566C1 /* MEIQIA_CafRecordWriter.m in Sources */ = {isa = PBXBuildFile; fileRef = 0BBF52601C859024005566C1 /* MEIQIA_CafRecordWriter.m */; };
		0BBF52B81C859024005566C1 /* MEIQIA_MLAudioMeterObserver.m in Sources */ = {isa = PBXBuildFile; fileRef = 0BBF52621C859024005566C1 /* MEIQIA_MLAudioMeterObserver.m */; };
		0BBF52B91C859024005566C1 /* MEIQIA_MLAudioRecorder.m in Sources */ = {isa = PBXBuildFile; fileRef = 0BBF52641C859024005566C1 /* MEIQIA_MLAudioRecorder.m */; };
		0BBF52BA1C859024005566C1 /* MEIQIA_TTTAttributedLabel.m in Sources */ = {isa = PBXBuildFile; fileRef = 0BBF52681C859024005566C1 /* MEIQIA_TTTAttributedLabel.m */; };
		0BBF52BB1C859024005566C1 /* amrFileCodec.mm in Sources */ = {isa = PBXBuildFile; fileRef = 0BBF526C1C859024005566C1 /* amrFileCodec.mm */; };
		0BBF52BC1C859024005566C1 /* wav.mm in Sources */ = {isa = PBXBuildFile; fileRef = 0BBF526E1C859024005566C1 /* wav.mm */; };
		0BBF52BD1C859024005566C1 /* VoiceConverter.mm in Sources */ = {isa = PBXBuildFile; fileRef = 0BBF52701C859024005566C1 /* VoiceConverter.mm */; };
		0BBF52BE1C859024005566C1 /* MQChatTableView.m in Sources */ = {isa = PBXBuildFile; fileRef = 0BBF52731C859024005566C1 /* MQChatTableView.m */; };
		0BBF52BF1C859024005566C1 /* MQEvaluationView.m in Sources */ = {isa = PBXBuildFile; fileRef = 0BBF52761C859024005566C1 /* MQEvaluationView.m */; };
		0BBF52C01C859024005566C1 /* MQInputBar.m in Sources */ = {isa = PBXBuildFile; fileRef = 0BBF52791C859024005566C1 /* MQInputBar.m */; };
		0BBF52C11C859024005566C1 /* MQPullRefreshView.m in Sources */ = {isa = PBXBuildFile; fileRef = 0BBF527C1C859024005566C1 /* MQPullRefreshView.m */; };
		0BBF52C21C859024005566C1 /* MQRecordView.m in Sources */ = {isa = PBXBuildFile; fileRef = 0BBF527F1C859024005566C1 /* MQRecordView.m */; };
		0BBF52C31C859024005566C1 /* MQToast.m in Sources */ = {isa = PBXBuildFile; fileRef = 0BBF52821C859024005566C1 /* MQToast.m */; };
		0BBF52C41C85902F005566C1 /* MeiQiaSDK.framework in CopyFiles */ = {isa = PBXBuildFile; fileRef = 0BBF51DE1C859023005566C1 /* MeiQiaSDK.framework */; };
		0BBF52C51C85902F005566C1 /* MQChatViewAsset.bundle in CopyFiles */ = {isa = PBXBuildFile; fileRef = 0BBF51E41C859023005566C1 /* MQChatViewAsset.bundle */; };
/* End PBXBuildFile section */

/* Begin PBXCopyFilesBuildPhase section */
		0BB795661C5A0B5F00AB2E83 /* CopyFiles */ = {
			isa = PBXCopyFilesBuildPhase;
			buildActionMask = 2147483647;
			dstPath = "include/$(PRODUCT_NAME)";
			dstSubfolderSpec = 16;
			files = (
				0BBF52C41C85902F005566C1 /* MeiQiaSDK.framework in CopyFiles */,
				0BBF52C51C85902F005566C1 /* MQChatViewAsset.bundle in CopyFiles */,
			);
			runOnlyForDeploymentPostprocessing = 0;
		};
/* End PBXCopyFilesBuildPhase section */

/* Begin PBXFileReference section */
		0BB795681C5A0B5F00AB2E83 /* libMeiQiaForAPICloud.a */ = {isa = PBXFileReference; explicitFileType = archive.ar; includeInIndex = 0; path = libMeiQiaForAPICloud.a; sourceTree = BUILT_PRODUCTS_DIR; };
		0BB795751C5A1D2200AB2E83 /* NSDictionaryUtils.h */ = {isa = PBXFileReference; fileEncoding = 4; lastKnownFileType = sourcecode.c.h; path = NSDictionaryUtils.h; sourceTree = "<group>"; };
		0BB795761C5A1D2200AB2E83 /* UZAppDelegate.h */ = {isa = PBXFileReference; fileEncoding = 4; lastKnownFileType = sourcecode.c.h; path = UZAppDelegate.h; sourceTree = "<group>"; };
		0BB795771C5A1D2200AB2E83 /* UZAppUtils.h */ = {isa = PBXFileReference; fileEncoding = 4; lastKnownFileType = sourcecode.c.h; path = UZAppUtils.h; sourceTree = "<group>"; };
		0BB795781C5A1D2200AB2E83 /* UZModule.h */ = {isa = PBXFileReference; fileEncoding = 4; lastKnownFileType = sourcecode.c.h; path = UZModule.h; sourceTree = "<group>"; };
		0BB795791C5A1D5900AB2E83 /* MeiQia.h */ = {isa = PBXFileReference; fileEncoding = 4; lastKnownFileType = sourcecode.c.h; path = MeiQia.h; sourceTree = "<group>"; };
		0BB7957A1C5A1D5900AB2E83 /* MeiQia.m */ = {isa = PBXFileReference; fileEncoding = 4; lastKnownFileType = sourcecode.c.objc; path = MeiQia.m; sourceTree = "<group>"; };
		0BBF51DE1C859023005566C1 /* MeiQiaSDK.framework */ = {isa = PBXFileReference; lastKnownFileType = wrapper.framework; path = MeiQiaSDK.framework; sourceTree = "<group>"; };
		0BBF51E01C859023005566C1 /* MQServiceToViewInterface.h */ = {isa = PBXFileReference; fileEncoding = 4; lastKnownFileType = sourcecode.c.h; path = MQServiceToViewInterface.h; sourceTree = "<group>"; };
		0BBF51E11C859023005566C1 /* MQServiceToViewInterface.m */ = {isa = PBXFileReference; fileEncoding = 4; lastKnownFileType = sourcecode.c.objc; path = MQServiceToViewInterface.m; sourceTree = "<group>"; };
		0BBF51E41C859023005566C1 /* MQChatViewAsset.bundle */ = {isa = PBXFileReference; lastKnownFileType = "wrapper.plug-in"; path = MQChatViewAsset.bundle; sourceTree = "<group>"; };
		0BBF51E61C859023005566C1 /* MQChatViewConfig.h */ = {isa = PBXFileReference; fileEncoding = 4; lastKnownFileType = sourcecode.c.h; path = MQChatViewConfig.h; sourceTree = "<group>"; };
		0BBF51E71C859023005566C1 /* MQChatViewConfig.m */ = {isa = PBXFileReference; fileEncoding = 4; lastKnownFileType = sourcecode.c.objc; path = MQChatViewConfig.m; sourceTree = "<group>"; };
		0BBF51E81C859023005566C1 /* MQChatViewManager.h */ = {isa = PBXFileReference; fileEncoding = 4; lastKnownFileType = sourcecode.c.h; path = MQChatViewManager.h; sourceTree = "<group>"; };
		0BBF51E91C859023005566C1 /* MQChatViewManager.m */ = {isa = PBXFileReference; fileEncoding = 4; lastKnownFileType = sourcecode.c.objc; path = MQChatViewManager.m; sourceTree = "<group>"; };
		0BBF51EB1C859023005566C1 /* MQChatViewController.h */ = {isa = PBXFileReference; fileEncoding = 4; lastKnownFileType = sourcecode.c.h; path = MQChatViewController.h; sourceTree = "<group>"; };
		0BBF51EC1C859023005566C1 /* MQChatViewController.m */ = {isa = PBXFileReference; fileEncoding = 4; lastKnownFileType = sourcecode.c.objc; path = MQChatViewController.m; sourceTree = "<group>"; };
		0BBF51ED1C859023005566C1 /* MQChatViewService.h */ = {isa = PBXFileReference; fileEncoding = 4; lastKnownFileType = sourcecode.c.h; path = MQChatViewService.h; sourceTree = "<group>"; };
		0BBF51EE1C859023005566C1 /* MQChatViewService.m */ = {isa = PBXFileReference; fileEncoding = 4; lastKnownFileType = sourcecode.c.objc; path = MQChatViewService.m; sourceTree = "<group>"; };
		0BBF51EF1C859023005566C1 /* MQChatViewTableDataSource.h */ = {isa = PBXFileReference; fileEncoding = 4; lastKnownFileType = sourcecode.c.h; path = MQChatViewTableDataSource.h; sourceTree = "<group>"; };
		0BBF51F01C859023005566C1 /* MQChatViewTableDataSource.m */ = {isa = PBXFileReference; fileEncoding = 4; lastKnownFileType = sourcecode.c.objc; path = MQChatViewTableDataSource.m; sourceTree = "<group>"; };
		0BBF51F21C859023005566C1 /* MQBaseMessage.h */ = {isa = PBXFileReference; fileEncoding = 4; lastKnownFileType = sourcecode.c.h; path = MQBaseMessage.h; sourceTree = "<group>"; };
		0BBF51F31C859023005566C1 /* MQBaseMessage.m */ = {isa = PBXFileReference; fileEncoding = 4; lastKnownFileType = sourcecode.c.objc; path = MQBaseMessage.m; sourceTree = "<group>"; };
		0BBF51F41C859023005566C1 /* MQEventMessage.h */ = {isa = PBXFileReference; fileEncoding = 4; lastKnownFileType = sourcecode.c.h; path = MQEventMessage.h; sourceTree = "<group>"; };
		0BBF51F51C859023005566C1 /* MQEventMessage.m */ = {isa = PBXFileReference; fileEncoding = 4; lastKnownFileType = sourcecode.c.objc; path = MQEventMessage.m; sourceTree = "<group>"; };
		0BBF51F61C859023005566C1 /* MQImageMessage.h */ = {isa = PBXFileReference; fileEncoding = 4; lastKnownFileType = sourcecode.c.h; path = MQImageMessage.h; sourceTree = "<group>"; };
		0BBF51F71C859023005566C1 /* MQImageMessage.m */ = {isa = PBXFileReference; fileEncoding = 4; lastKnownFileType = sourcecode.c.objc; path = MQImageMessage.m; sourceTree = "<group>"; };
		0BBF51F81C859023005566C1 /* MQTextMessage.h */ = {isa = PBXFileReference; fileEncoding = 4; lastKnownFileType = sourcecode.c.h; path = MQTextMessage.h; sourceTree = "<group>"; };
		0BBF51F91C859023005566C1 /* MQTextMessage.m */ = {isa = PBXFileReference; fileEncoding = 4; lastKnownFileType = sourcecode.c.objc; path = MQTextMessage.m; sourceTree = "<group>"; };
		0BBF51FA1C859023005566C1 /* MQVoiceMessage.h */ = {isa = PBXFileReference; fileEncoding = 4; lastKnownFileType = sourcecode.c.h; path = MQVoiceMessage.h; sourceTree = "<group>"; };
		0BBF51FB1C859023005566C1 /* MQVoiceMessage.m */ = {isa = PBXFileReference; fileEncoding = 4; lastKnownFileType = sourcecode.c.objc; path = MQVoiceMessage.m; sourceTree = "<group>"; };
		0BBF51FE1C859023005566C1 /* MQCellModelProtocol.h */ = {isa = PBXFileReference; fileEncoding = 4; lastKnownFileType = sourcecode.c.h; path = MQCellModelProtocol.h; sourceTree = "<group>"; };
		0BBF51FF1C859023005566C1 /* MQEventCellModel.h */ = {isa = PBXFileReference; fileEncoding = 4; lastKnownFileType = sourcecode.c.h; path = MQEventCellModel.h; sourceTree = "<group>"; };
		0BBF52001C859023005566C1 /* MQEventCellModel.m */ = {isa = PBXFileReference; fileEncoding = 4; lastKnownFileType = sourcecode.c.objc; path = MQEventCellModel.m; sourceTree = "<group>"; };
		0BBF52011C859023005566C1 /* MQImageCellModel.h */ = {isa = PBXFileReference; fileEncoding = 4; lastKnownFileType = sourcecode.c.h; path = MQImageCellModel.h; sourceTree = "<group>"; };
		0BBF52021C859023005566C1 /* MQImageCellModel.m */ = {isa = PBXFileReference; fileEncoding = 4; lastKnownFileType = sourcecode.c.objc; path = MQImageCellModel.m; sourceTree = "<group>"; };
		0BBF52031C859023005566C1 /* MQMessageDateCellModel.h */ = {isa = PBXFileReference; fileEncoding = 4; lastKnownFileType = sourcecode.c.h; path = MQMessageDateCellModel.h; sourceTree = "<group>"; };
		0BBF52041C859023005566C1 /* MQMessageDateCellModel.m */ = {isa = PBXFileReference; fileEncoding = 4; lastKnownFileType = sourcecode.c.objc; path = MQMessageDateCellModel.m; sourceTree = "<group>"; };
		0BBF52051C859023005566C1 /* MQTextCellModel.h */ = {isa = PBXFileReference; fileEncoding = 4; lastKnownFileType = sourcecode.c.h; path = MQTextCellModel.h; sourceTree = "<group>"; };
		0BBF52061C859023005566C1 /* MQTextCellModel.m */ = {isa = PBXFileReference; fileEncoding = 4; lastKnownFileType = sourcecode.c.objc; path = MQTextCellModel.m; sourceTree = "<group>"; };
		0BBF52071C859023005566C1 /* MQTipsCellModel.h */ = {isa = PBXFileReference; fileEncoding = 4; lastKnownFileType = sourcecode.c.h; path = MQTipsCellModel.h; sourceTree = "<group>"; };
		0BBF52081C859023005566C1 /* MQTipsCellModel.m */ = {isa = PBXFileReference; fileEncoding = 4; lastKnownFileType = sourcecode.c.objc; path = MQTipsCellModel.m; sourceTree = "<group>"; };
		0BBF52091C859023005566C1 /* MQVoiceCellModel.h */ = {isa = PBXFileReference; fileEncoding = 4; lastKnownFileType = sourcecode.c.h; path = MQVoiceCellModel.h; sourceTree = "<group>"; };
		0BBF520A1C859023005566C1 /* MQVoiceCellModel.m */ = {isa = PBXFileReference; fileEncoding = 4; lastKnownFileType = sourcecode.c.objc; path = MQVoiceCellModel.m; sourceTree = "<group>"; };
		0BBF520C1C859023005566C1 /* MQChatBaseCell.h */ = {isa = PBXFileReference; fileEncoding = 4; lastKnownFileType = sourcecode.c.h; path = MQChatBaseCell.h; sourceTree = "<group>"; };
		0BBF520D1C859023005566C1 /* MQChatBaseCell.m */ = {isa = PBXFileReference; fileEncoding = 4; lastKnownFileType = sourcecode.c.objc; path = MQChatBaseCell.m; sourceTree = "<group>"; };
		0BBF520E1C859023005566C1 /* MQEvaluationCell.h */ = {isa = PBXFileReference; fileEncoding = 4; lastKnownFileType = sourcecode.c.h; path = MQEvaluationCell.h; sourceTree = "<group>"; };
		0BBF520F1C859023005566C1 /* MQEvaluationCell.m */ = {isa = PBXFileReference; fileEncoding = 4; lastKnownFileType = sourcecode.c.objc; path = MQEvaluationCell.m; sourceTree = "<group>"; };
		0BBF52101C859023005566C1 /* MQEventMessageCell.h */ = {isa = PBXFileReference; fileEncoding = 4; lastKnownFileType = sourcecode.c.h; path = MQEventMessageCell.h; sourceTree = "<group>"; };
		0BBF52111C859023005566C1 /* MQEventMessageCell.m */ = {isa = PBXFileReference; fileEncoding = 4; lastKnownFileType = sourcecode.c.objc; path = MQEventMessageCell.m; sourceTree = "<group>"; };
		0BBF52121C859023005566C1 /* MQImageMessageCell.h */ = {isa = PBXFileReference; fileEncoding = 4; lastKnownFileType = sourcecode.c.h; path = MQImageMessageCell.h; sourceTree = "<group>"; };
		0BBF52131C859023005566C1 /* MQImageMessageCell.m */ = {isa = PBXFileReference; fileEncoding = 4; lastKnownFileType = sourcecode.c.objc; path = MQImageMessageCell.m; sourceTree = "<group>"; };
		0BBF52141C859023005566C1 /* MQMessageDateCell.h */ = {isa = PBXFileReference; fileEncoding = 4; lastKnownFileType = sourcecode.c.h; path = MQMessageDateCell.h; sourceTree = "<group>"; };
		0BBF52151C859023005566C1 /* MQMessageDateCell.m */ = {isa = PBXFileReference; fileEncoding = 4; lastKnownFileType = sourcecode.c.objc; path = MQMessageDateCell.m; sourceTree = "<group>"; };
		0BBF52161C859023005566C1 /* MQTextMessageCell.h */ = {isa = PBXFileReference; fileEncoding = 4; lastKnownFileType = sourcecode.c.h; path = MQTextMessageCell.h; sourceTree = "<group>"; };
		0BBF52171C859023005566C1 /* MQTextMessageCell.m */ = {isa = PBXFileReference; fileEncoding = 4; lastKnownFileType = sourcecode.c.objc; path = MQTextMessageCell.m; sourceTree = "<group>"; };
		0BBF52181C859023005566C1 /* MQTipsCell.h */ = {isa = PBXFileReference; fileEncoding = 4; lastKnownFileType = sourcecode.c.h; path = MQTipsCell.h; sourceTree = "<group>"; };
		0BBF52191C859023005566C1 /* MQTipsCell.m */ = {isa = PBXFileReference; fileEncoding = 4; lastKnownFileType = sourcecode.c.objc; path = MQTipsCell.m; sourceTree = "<group>"; };
		0BBF521A1C859023005566C1 /* MQVoiceMessageCell.h */ = {isa = PBXFileReference; fileEncoding = 4; lastKnownFileType = sourcecode.c.h; path = MQVoiceMessageCell.h; sourceTree = "<group>"; };
		0BBF521B1C859024005566C1 /* MQVoiceMessageCell.m */ = {isa = PBXFileReference; fileEncoding = 4; lastKnownFileType = sourcecode.c.objc; path = MQVoiceMessageCell.m; sourceTree = "<group>"; };
		0BBF521D1C859024005566C1 /* MQAssetUtil.h */ = {isa = PBXFileReference; fileEncoding = 4; lastKnownFileType = sourcecode.c.h; path = MQAssetUtil.h; sourceTree = "<group>"; };
		0BBF521E1C859024005566C1 /* MQAssetUtil.m */ = {isa = PBXFileReference; fileEncoding = 4; lastKnownFileType = sourcecode.c.objc; path = MQAssetUtil.m; sourceTree = "<group>"; };
		0BBF521F1C859024005566C1 /* MQBundleUtil.h */ = {isa = PBXFileReference; fileEncoding = 4; lastKnownFileType = sourcecode.c.h; path = MQBundleUtil.h; sourceTree = "<group>"; };
		0BBF52201C859024005566C1 /* MQBundleUtil.m */ = {isa = PBXFileReference; fileEncoding = 4; lastKnownFileType = sourcecode.c.objc; path = MQBundleUtil.m; sourceTree = "<group>"; };
		0BBF52211C859024005566C1 /* MQChatAudioPlayer.h */ = {isa = PBXFileReference; fileEncoding = 4; lastKnownFileType = sourcecode.c.h; path = MQChatAudioPlayer.h; sourceTree = "<group>"; };
		0BBF52221C859024005566C1 /* MQChatAudioPlayer.m */ = {isa = PBXFileReference; fileEncoding = 4; lastKnownFileType = sourcecode.c.objc; path = MQChatAudioPlayer.m; sourceTree = "<group>"; };
		0BBF52231C859024005566C1 /* MQChatAudioRecorder.h */ = {isa = PBXFileReference; fileEncoding = 4; lastKnownFileType = sourcecode.c.h; path = MQChatAudioRecorder.h; sourceTree = "<group>"; };
		0BBF52241C859024005566C1 /* MQChatAudioRecorder.m */ = {isa = PBXFileReference; fileEncoding = 4; lastKnownFileType = sourcecode.c.objc; path = MQChatAudioRecorder.m; sourceTree = "<group>"; };
		0BBF52251C859024005566C1 /* MQChatDeviceUtil.h */ = {isa = PBXFileReference; fileEncoding = 4; lastKnownFileType = sourcecode.c.h; path = MQChatDeviceUtil.h; sourceTree = "<group>"; };
		0BBF52261C859024005566C1 /* MQChatDeviceUtil.m */ = {isa = PBXFileReference; fileEncoding = 4; lastKnownFileType = sourcecode.c.objc; path = MQChatDeviceUtil.m; sourceTree = "<group>"; };
		0BBF52271C859024005566C1 /* MQChatEmojize.h */ = {isa = PBXFileReference; fileEncoding = 4; lastKnownFileType = sourcecode.c.h; path = MQChatEmojize.h; sourceTree = "<group>"; };
		0BBF52281C859024005566C1 /* MQChatEmojize.m */ = {isa = PBXFileReference; fileEncoding = 4; lastKnownFileType = sourcecode.c.objc; path = MQChatEmojize.m; sourceTree = "<group>"; };
		0BBF52291C859024005566C1 /* MQChatFileUtil.h */ = {isa = PBXFileReference; fileEncoding = 4; lastKnownFileType = sourcecode.c.h; path = MQChatFileUtil.h; sourceTree = "<group>"; };
		0BBF522A1C859024005566C1 /* MQChatFileUtil.m */ = {isa = PBXFileReference; fileEncoding = 4; lastKnownFileType = sourcecode.c.objc; path = MQChatFileUtil.m; sourceTree = "<group>"; };
		0BBF522B1C859024005566C1 /* MQChatRegexUtil.h */ = {isa = PBXFileReference; fileEncoding = 4; lastKnownFileType = sourcecode.c.h; path = MQChatRegexUtil.h; sourceTree = "<group>"; };
		0BBF522C1C859024005566C1 /* MQChatRegexUtil.m */ = {isa = PBXFileReference; fileEncoding = 4; lastKnownFileType = sourcecode.c.objc; path = MQChatRegexUtil.m; sourceTree = "<group>"; };
		0BBF522D1C859024005566C1 /* MQDateFormatterUtil.h */ = {isa = PBXFileReference; fileEncoding = 4; lastKnownFileType = sourcecode.c.h; path = MQDateFormatterUtil.h; sourceTree = "<group>"; };
		0BBF522E1C859024005566C1 /* MQDateFormatterUtil.m */ = {isa = PBXFileReference; fileEncoding = 4; lastKnownFileType = sourcecode.c.objc; path = MQDateFormatterUtil.m; sourceTree = "<group>"; };
		0BBF522F1C859024005566C1 /* MQImageUtil.h */ = {isa = PBXFileReference; fileEncoding = 4; lastKnownFileType = sourcecode.c.h; path = MQImageUtil.h; sourceTree = "<group>"; };
		0BBF52301C859024005566C1 /* MQImageUtil.m */ = {isa = PBXFileReference; fileEncoding = 4; lastKnownFileType = sourcecode.c.objc; path = MQImageUtil.m; sourceTree = "<group>"; };
		0BBF52311C859024005566C1 /* MQStringSizeUtil.h */ = {isa = PBXFileReference; fileEncoding = 4; lastKnownFileType = sourcecode.c.h; path = MQStringSizeUtil.h; sourceTree = "<group>"; };
		0BBF52321C859024005566C1 /* MQStringSizeUtil.m */ = {isa = PBXFileReference; fileEncoding = 4; lastKnownFileType = sourcecode.c.objc; path = MQStringSizeUtil.m; sourceTree = "<group>"; };
		0BBF52351C859024005566C1 /* MEIQIA_CustomIOSAlertView.h */ = {isa = PBXFileReference; fileEncoding = 4; lastKnownFileType = sourcecode.c.h; path = MEIQIA_CustomIOSAlertView.h; sourceTree = "<group>"; };
		0BBF52361C859024005566C1 /* MEIQIA_CustomIOSAlertView.m */ = {isa = PBXFileReference; fileEncoding = 4; lastKnownFileType = sourcecode.c.objc; path = MEIQIA_CustomIOSAlertView.m; sourceTree = "<group>"; };
		0BBF52381C859024005566C1 /* MEIQIA_FBBitmapFont.h */ = {isa = PBXFileReference; fileEncoding = 4; lastKnownFileType = sourcecode.c.h; path = MEIQIA_FBBitmapFont.h; sourceTree = "<group>"; };
		0BBF52391C859024005566C1 /* MEIQIA_FBBitmapFont.m */ = {isa = PBXFileReference; fileEncoding = 4; lastKnownFileType = sourcecode.c.objc; path = MEIQIA_FBBitmapFont.m; sourceTree = "<group>"; };
		0BBF523A1C859024005566C1 /* MEIQIA_FBBitmapFontView.h */ = {isa = PBXFileReference; fileEncoding = 4; lastKnownFileType = sourcecode.c.h; path = MEIQIA_FBBitmapFontView.h; sourceTree = "<group>"; };
		0BBF523B1C859024005566C1 /* MEIQIA_FBBitmapFontView.m */ = {isa = PBXFileReference; fileEncoding = 4; lastKnownFileType = sourcecode.c.objc; path = MEIQIA_FBBitmapFontView.m; sourceTree = "<group>"; };
		0BBF523C1C859024005566C1 /* MEIQIA_FBFontSymbol.h */ = {isa = PBXFileReference; fileEncoding = 4; lastKnownFileType = sourcecode.c.h; path = MEIQIA_FBFontSymbol.h; sourceTree = "<group>"; };
		0BBF523D1C859024005566C1 /* MEIQIA_FBFontSymbol.m */ = {isa = PBXFileReference; fileEncoding = 4; lastKnownFileType = sourcecode.c.objc; path = MEIQIA_FBFontSymbol.m; sourceTree = "<group>"; };
		0BBF523E1C859024005566C1 /* MEIQIA_FBLCDFont.h */ = {isa = PBXFileReference; fileEncoding = 4; lastKnownFileType = sourcecode.c.h; path = MEIQIA_FBLCDFont.h; sourceTree = "<group>"; };
		0BBF523F1C859024005566C1 /* MEIQIA_FBLCDFont.m */ = {isa = PBXFileReference; fileEncoding = 4; lastKnownFileType = sourcecode.c.objc; path = MEIQIA_FBLCDFont.m; sourceTree = "<group>"; };
		0BBF52401C859024005566C1 /* MEIQIA_FBLCDFontView.h */ = {isa = PBXFileReference; fileEncoding = 4; lastKnownFileType = sourcecode.c.h; path = MEIQIA_FBLCDFontView.h; sourceTree = "<group>"; };
		0BBF52411C859024005566C1 /* MEIQIA_FBLCDFontView.m */ = {isa = PBXFileReference; fileEncoding = 4; lastKnownFileType = sourcecode.c.objc; path = MEIQIA_FBLCDFontView.m; sourceTree = "<group>"; };
		0BBF52421C859024005566C1 /* MEIQIA_FBSquareFont.h */ = {isa = PBXFileReference; fileEncoding = 4; lastKnownFileType = sourcecode.c.h; path = MEIQIA_FBSquareFont.h; sourceTree = "<group>"; };
		0BBF52431C859024005566C1 /* MEIQIA_FBSquareFont.m */ = {isa = PBXFileReference; fileEncoding = 4; lastKnownFileType = sourcecode.c.objc; path = MEIQIA_FBSquareFont.m; sourceTree = "<group>"; };
		0BBF52441C859024005566C1 /* MEIQIA_FBSquareFontView.h */ = {isa = PBXFileReference; fileEncoding = 4; lastKnownFileType = sourcecode.c.h; path = MEIQIA_FBSquareFontView.h; sourceTree = "<group>"; };
		0BBF52451C859024005566C1 /* MEIQIA_FBSquareFontView.m */ = {isa = PBXFileReference; fileEncoding = 4; lastKnownFileType = sourcecode.c.objc; path = MEIQIA_FBSquareFontView.m; sourceTree = "<group>"; };
		0BBF52471C859024005566C1 /* MEIQIA_HPGrowingTextView.h */ = {isa = PBXFileReference; fileEncoding = 4; lastKnownFileType = sourcecode.c.h; path = MEIQIA_HPGrowingTextView.h; sourceTree = "<group>"; };
		0BBF52481C859024005566C1 /* MEIQIA_HPGrowingTextView.m */ = {isa = PBXFileReference; fileEncoding = 4; lastKnownFileType = sourcecode.c.objc; path = MEIQIA_HPGrowingTextView.m; sourceTree = "<group>"; };
		0BBF52491C859024005566C1 /* MEIQIA_HPTextViewInternal.h */ = {isa = PBXFileReference; fileEncoding = 4; lastKnownFileType = sourcecode.c.h; path = MEIQIA_HPTextViewInternal.h; sourceTree = "<group>"; };
		0BBF524A1C859024005566C1 /* MEIQIA_HPTextViewInternal.m */ = {isa = PBXFileReference; fileEncoding = 4; lastKnownFileType = sourcecode.c.objc; path = MEIQIA_HPTextViewInternal.m; sourceTree = "<group>"; };
		0BBF524C1C859024005566C1 /* MEIQIA_MHFacebookImageViewer.h */ = {isa = PBXFileReference; fileEncoding = 4; lastKnownFileType = sourcecode.c.h; path = MEIQIA_MHFacebookImageViewer.h; sourceTree = "<group>"; };
		0BBF524D1C859024005566C1 /* MEIQIA_MHFacebookImageViewer.m */ = {isa = PBXFileReference; fileEncoding = 4; lastKnownFileType = sourcecode.c.objc; path = MEIQIA_MHFacebookImageViewer.m; sourceTree = "<group>"; };
		0BBF524E1C859024005566C1 /* UIImageView+MEIQIA_MHFacebookImageViewer.h */ = {isa = PBXFileReference; fileEncoding = 4; lastKnownFileType = sourcecode.c.h; path = "UIImageView+MEIQIA_MHFacebookImageViewer.h"; sourceTree = "<group>"; };
		0BBF524F1C859024005566C1 /* UIImageView+MEIQIA_MHFacebookImageViewer.m */ = {isa = PBXFileReference; fileEncoding = 4; lastKnownFileType = sourcecode.c.objc; path = "UIImageView+MEIQIA_MHFacebookImageViewer.m"; sourceTree = "<group>"; };
		0BBF52541C859024005566C1 /* interf_dec.h */ = {isa = PBXFileReference; fileEncoding = 4; lastKnownFileType = sourcecode.c.h; path = interf_dec.h; sourceTree = "<group>"; };
		0BBF52551C859024005566C1 /* interf_enc.h */ = {isa = PBXFileReference; fileEncoding = 4; lastKnownFileType = sourcecode.c.h; path = interf_enc.h; sourceTree = "<group>"; };
		0BBF52571C859024005566C1 /* dec_if.h */ = {isa = PBXFileReference; fileEncoding = 4; lastKnownFileType = sourcecode.c.h; path = dec_if.h; sourceTree = "<group>"; };
		0BBF52581C859024005566C1 /* if_rom.h */ = {isa = PBXFileReference; fileEncoding = 4; lastKnownFileType = sourcecode.c.h; path = if_rom.h; sourceTree = "<group>"; };
		0BBF525A1C859024005566C1 /* libopencore-amrnb.a */ = {isa = PBXFileReference; lastKnownFileType = archive.ar; path = "libopencore-amrnb.a"; sourceTree = "<group>"; };
		0BBF525B1C859024005566C1 /* libopencore-amrwb.a */ = {isa = PBXFileReference; lastKnownFileType = archive.ar; path = "libopencore-amrwb.a"; sourceTree = "<group>"; };
		0BBF525C1C859024005566C1 /* Debug.h */ = {isa = PBXFileReference; fileEncoding = 4; lastKnownFileType = sourcecode.c.h; path = Debug.h; sourceTree = "<group>"; };
		0BBF525D1C859024005566C1 /* MEIQIA_AmrRecordWriter.h */ = {isa = PBXFileReference; fileEncoding = 4; lastKnownFileType = sourcecode.c.h; path = MEIQIA_AmrRecordWriter.h; sourceTree = "<group>"; };
		0BBF525E1C859024005566C1 /* MEIQIA_AmrRecordWriter.m */ = {isa = PBXFileReference; fileEncoding = 4; lastKnownFileType = sourcecode.c.objc; path = MEIQIA_AmrRecordWriter.m; sourceTree = "<group>"; };
		0BBF525F1C859024005566C1 /* MEIQIA_CafRecordWriter.h */ = {isa = PBXFileReference; fileEncoding = 4; lastKnownFileType = sourcecode.c.h; path = MEIQIA_CafRecordWriter.h; sourceTree = "<group>"; };
		0BBF52601C859024005566C1 /* MEIQIA_CafRecordWriter.m */ = {isa = PBXFileReference; fileEncoding = 4; lastKnownFileType = sourcecode.c.objc; path = MEIQIA_CafRecordWriter.m; sourceTree = "<group>"; };
		0BBF52611C859024005566C1 /* MEIQIA_MLAudioMeterObserver.h */ = {isa = PBXFileReference; fileEncoding = 4; lastKnownFileType = sourcecode.c.h; path = MEIQIA_MLAudioMeterObserver.h; sourceTree = "<group>"; };
		0BBF52621C859024005566C1 /* MEIQIA_MLAudioMeterObserver.m */ = {isa = PBXFileReference; fileEncoding = 4; lastKnownFileType = sourcecode.c.objc; path = MEIQIA_MLAudioMeterObserver.m; sourceTree = "<group>"; };
		0BBF52631C859024005566C1 /* MEIQIA_MLAudioRecorder.h */ = {isa = PBXFileReference; fileEncoding = 4; lastKnownFileType = sourcecode.c.h; path = MEIQIA_MLAudioRecorder.h; sourceTree = "<group>"; };
		0BBF52641C859024005566C1 /* MEIQIA_MLAudioRecorder.m */ = {isa = PBXFileReference; fileEncoding = 4; lastKnownFileType = sourcecode.c.objc; path = MEIQIA_MLAudioRecorder.m; sourceTree = "<group>"; };
		0BBF52651C859024005566C1 /* MQNamespacedDependencies.h */ = {isa = PBXFileReference; fileEncoding = 4; lastKnownFileType = sourcecode.c.h; path = MQNamespacedDependencies.h; sourceTree = "<group>"; };
		0BBF52671C859024005566C1 /* MEIQIA_TTTAttributedLabel.h */ = {isa = PBXFileReference; fileEncoding = 4; lastKnownFileType = sourcecode.c.h; path = MEIQIA_TTTAttributedLabel.h; sourceTree = "<group>"; };
		0BBF52681C859024005566C1 /* MEIQIA_TTTAttributedLabel.m */ = {isa = PBXFileReference; fileEncoding = 4; lastKnownFileType = sourcecode.c.objc; path = MEIQIA_TTTAttributedLabel.m; sourceTree = "<group>"; };
		0BBF526B1C859024005566C1 /* amrFileCodec.h */ = {isa = PBXFileReference; fileEncoding = 4; lastKnownFileType = sourcecode.c.h; path = amrFileCodec.h; sourceTree = "<group>"; };
		0BBF526C1C859024005566C1 /* amrFileCodec.mm */ = {isa = PBXFileReference; fileEncoding = 4; lastKnownFileType = sourcecode.cpp.objcpp; path = amrFileCodec.mm; sourceTree = "<group>"; };
		0BBF526D1C859024005566C1 /* wav.h */ = {isa = PBXFileReference; fileEncoding = 4; lastKnownFileType = sourcecode.c.h; path = wav.h; sourceTree = "<group>"; };
		0BBF526E1C859024005566C1 /* wav.mm */ = {isa = PBXFileReference; fileEncoding = 4; lastKnownFileType = sourcecode.cpp.objcpp; path = wav.mm; sourceTree = "<group>"; };
		0BBF526F1C859024005566C1 /* VoiceConverter.h */ = {isa = PBXFileReference; fileEncoding = 4; lastKnownFileType = sourcecode.c.h; path = VoiceConverter.h; sourceTree = "<group>"; };
		0BBF52701C859024005566C1 /* VoiceConverter.mm */ = {isa = PBXFileReference; fileEncoding = 4; lastKnownFileType = sourcecode.cpp.objcpp; path = VoiceConverter.mm; sourceTree = "<group>"; };
		0BBF52721C859024005566C1 /* MQChatTableView.h */ = {isa = PBXFileReference; fileEncoding = 4; lastKnownFileType = sourcecode.c.h; path = MQChatTableView.h; sourceTree = "<group>"; };
		0BBF52731C859024005566C1 /* MQChatTableView.m */ = {isa = PBXFileReference; fileEncoding = 4; lastKnownFileType = sourcecode.c.objc; path = MQChatTableView.m; sourceTree = "<group>"; };
		0BBF52751C859024005566C1 /* MQEvaluationView.h */ = {isa = PBXFileReference; fileEncoding = 4; lastKnownFileType = sourcecode.c.h; path = MQEvaluationView.h; sourceTree = "<group>"; };
		0BBF52761C859024005566C1 /* MQEvaluationView.m */ = {isa = PBXFileReference; fileEncoding = 4; lastKnownFileType = sourcecode.c.objc; path = MQEvaluationView.m; sourceTree = "<group>"; };
		0BBF52781C859024005566C1 /* MQInputBar.h */ = {isa = PBXFileReference; fileEncoding = 4; lastKnownFileType = sourcecode.c.h; path = MQInputBar.h; sourceTree = "<group>"; };
		0BBF52791C859024005566C1 /* MQInputBar.m */ = {isa = PBXFileReference; fileEncoding = 4; lastKnownFileType = sourcecode.c.objc; path = MQInputBar.m; sourceTree = "<group>"; };
		0BBF527B1C859024005566C1 /* MQPullRefreshView.h */ = {isa = PBXFileReference; fileEncoding = 4; lastKnownFileType = sourcecode.c.h; path = MQPullRefreshView.h; sourceTree = "<group>"; };
		0BBF527C1C859024005566C1 /* MQPullRefreshView.m */ = {isa = PBXFileReference; fileEncoding = 4; lastKnownFileType = sourcecode.c.objc; path = MQPullRefreshView.m; sourceTree = "<group>"; };
		0BBF527E1C859024005566C1 /* MQRecordView.h */ = {isa = PBXFileReference; fileEncoding = 4; lastKnownFileType = sourcecode.c.h; path = MQRecordView.h; sourceTree = "<group>"; };
		0BBF527F1C859024005566C1 /* MQRecordView.m */ = {isa = PBXFileReference; fileEncoding = 4; lastKnownFileType = sourcecode.c.objc; path = MQRecordView.m; sourceTree = "<group>"; };
		0BBF52811C859024005566C1 /* MQToast.h */ = {isa = PBXFileReference; fileEncoding = 4; lastKnownFileType = sourcecode.c.h; path = MQToast.h; sourceTree = "<group>"; };
		0BBF52821C859024005566C1 /* MQToast.m */ = {isa = PBXFileReference; fileEncoding = 4; lastKnownFileType = sourcecode.c.objc; path = MQToast.m; sourceTree = "<group>"; };
/* End PBXFileReference section */

/* Begin PBXFrameworksBuildPhase section */
		0BB795651C5A0B5F00AB2E83 /* Frameworks */ = {
			isa = PBXFrameworksBuildPhase;
			buildActionMask = 2147483647;
			files = (
				0BBF52831C859024005566C1 /* MeiQiaSDK.framework in Frameworks */,
				0BBF52B51C859024005566C1 /* libopencore-amrwb.a in Frameworks */,
				0BBF52B41C859024005566C1 /* libopencore-amrnb.a in Frameworks */,
			);
			runOnlyForDeploymentPostprocessing = 0;
		};
/* End PBXFrameworksBuildPhase section */

/* Begin PBXGroup section */
		0BB7955F1C5A0B5F00AB2E83 = {
			isa = PBXGroup;
			children = (
				0BB7956A1C5A0B5F00AB2E83 /* MeiQiaForAPICloud */,
				0BB795691C5A0B5F00AB2E83 /* Products */,
			);
			sourceTree = "<group>";
		};
		0BB795691C5A0B5F00AB2E83 /* Products */ = {
			isa = PBXGroup;
			children = (
				0BB795681C5A0B5F00AB2E83 /* libMeiQiaForAPICloud.a */,
			);
			name = Products;
			sourceTree = "<group>";
		};
		0BB7956A1C5A0B5F00AB2E83 /* MeiQiaForAPICloud */ = {
			isa = PBXGroup;
			children = (
				0BBF51DD1C859023005566C1 /* MeiQiaSDK */,
				0BB795741C5A1D2200AB2E83 /* UZEngine */,
				0BB795791C5A1D5900AB2E83 /* MeiQia.h */,
				0BB7957A1C5A1D5900AB2E83 /* MeiQia.m */,
			);
			path = MeiQiaForAPICloud;
			sourceTree = "<group>";
		};
		0BB795741C5A1D2200AB2E83 /* UZEngine */ = {
			isa = PBXGroup;
			children = (
				0BB795751C5A1D2200AB2E83 /* NSDictionaryUtils.h */,
				0BB795761C5A1D2200AB2E83 /* UZAppDelegate.h */,
				0BB795771C5A1D2200AB2E83 /* UZAppUtils.h */,
				0BB795781C5A1D2200AB2E83 /* UZModule.h */,
			);
			path = UZEngine;
			sourceTree = "<group>";
		};
		0BBF51DD1C859023005566C1 /* MeiQiaSDK */ = {
			isa = PBXGroup;
			children = (
				0BBF51DE1C859023005566C1 /* MeiQiaSDK.framework */,
				0BBF51DF1C859023005566C1 /* MeiqiaSDKViewInterface */,
				0BBF51E21C859023005566C1 /* MQChatViewController */,
			);
			path = MeiQiaSDK;
			sourceTree = "<group>";
		};
		0BBF51DF1C859023005566C1 /* MeiqiaSDKViewInterface */ = {
			isa = PBXGroup;
			children = (
				0BBF51E01C859023005566C1 /* MQServiceToViewInterface.h */,
				0BBF51E11C859023005566C1 /* MQServiceToViewInterface.m */,
			);
			path = MeiqiaSDKViewInterface;
			sourceTree = "<group>";
		};
		0BBF51E21C859023005566C1 /* MQChatViewController */ = {
			isa = PBXGroup;
			children = (
				0BBF51E31C859023005566C1 /* Assets */,
				0BBF51E51C859023005566C1 /* Config */,
				0BBF51EA1C859023005566C1 /* Controllers */,
				0BBF51F11C859023005566C1 /* MessageModels */,
				0BBF51FC1C859023005566C1 /* TableCells */,
				0BBF521C1C859024005566C1 /* Utils */,
				0BBF52331C859024005566C1 /* Vendors */,
				0BBF52711C859024005566C1 /* Views */,
			);
			path = MQChatViewController;
			sourceTree = "<group>";
		};
		0BBF51E31C859023005566C1 /* Assets */ = {
			isa = PBXGroup;
			children = (
				0BBF51E41C859023005566C1 /* MQChatViewAsset.bundle */,
			);
			path = Assets;
			sourceTree = "<group>";
		};
		0BBF51E51C859023005566C1 /* Config */ = {
			isa = PBXGroup;
			children = (
				0BBF51E61C859023005566C1 /* MQChatViewConfig.h */,
				0BBF51E71C859023005566C1 /* MQChatViewConfig.m */,
				0BBF51E81C859023005566C1 /* MQChatViewManager.h */,
				0BBF51E91C859023005566C1 /* MQChatViewManager.m */,
			);
			path = Config;
			sourceTree = "<group>";
		};
		0BBF51EA1C859023005566C1 /* Controllers */ = {
			isa = PBXGroup;
			children = (
				0BBF51EB1C859023005566C1 /* MQChatViewController.h */,
				0BBF51EC1C859023005566C1 /* MQChatViewController.m */,
				0BBF51ED1C859023005566C1 /* MQChatViewService.h */,
				0BBF51EE1C859023005566C1 /* MQChatViewService.m */,
				0BBF51EF1C859023005566C1 /* MQChatViewTableDataSource.h */,
				0BBF51F01C859023005566C1 /* MQChatViewTableDataSource.m */,
			);
			path = Controllers;
			sourceTree = "<group>";
		};
		0BBF51F11C859023005566C1 /* MessageModels */ = {
			isa = PBXGroup;
			children = (
				0BBF51F21C859023005566C1 /* MQBaseMessage.h */,
				0BBF51F31C859023005566C1 /* MQBaseMessage.m */,
				0BBF51F41C859023005566C1 /* MQEventMessage.h */,
				0BBF51F51C859023005566C1 /* MQEventMessage.m */,
				0BBF51F61C859023005566C1 /* MQImageMessage.h */,
				0BBF51F71C859023005566C1 /* MQImageMessage.m */,
				0BBF51F81C859023005566C1 /* MQTextMessage.h */,
				0BBF51F91C859023005566C1 /* MQTextMessage.m */,
				0BBF51FA1C859023005566C1 /* MQVoiceMessage.h */,
				0BBF51FB1C859023005566C1 /* MQVoiceMessage.m */,
			);
			path = MessageModels;
			sourceTree = "<group>";
		};
		0BBF51FC1C859023005566C1 /* TableCells */ = {
			isa = PBXGroup;
			children = (
				0BBF51FD1C859023005566C1 /* CellModel */,
				0BBF520B1C859023005566C1 /* CellView */,
			);
			path = TableCells;
			sourceTree = "<group>";
		};
		0BBF51FD1C859023005566C1 /* CellModel */ = {
			isa = PBXGroup;
			children = (
				0BBF51FE1C859023005566C1 /* MQCellModelProtocol.h */,
				0BBF51FF1C859023005566C1 /* MQEventCellModel.h */,
				0BBF52001C859023005566C1 /* MQEventCellModel.m */,
				0BBF52011C859023005566C1 /* MQImageCellModel.h */,
				0BBF52021C859023005566C1 /* MQImageCellModel.m */,
				0BBF52031C859023005566C1 /* MQMessageDateCellModel.h */,
				0BBF52041C859023005566C1 /* MQMessageDateCellModel.m */,
				0BBF52051C859023005566C1 /* MQTextCellModel.h */,
				0BBF52061C859023005566C1 /* MQTextCellModel.m */,
				0BBF52071C859023005566C1 /* MQTipsCellModel.h */,
				0BBF52081C859023005566C1 /* MQTipsCellModel.m */,
				0BBF52091C859023005566C1 /* MQVoiceCellModel.h */,
				0BBF520A1C859023005566C1 /* MQVoiceCellModel.m */,
			);
			path = CellModel;
			sourceTree = "<group>";
		};
		0BBF520B1C859023005566C1 /* CellView */ = {
			isa = PBXGroup;
			children = (
				0BBF520C1C859023005566C1 /* MQChatBaseCell.h */,
				0BBF520D1C859023005566C1 /* MQChatBaseCell.m */,
				0BBF520E1C859023005566C1 /* MQEvaluationCell.h */,
				0BBF520F1C859023005566C1 /* MQEvaluationCell.m */,
				0BBF52101C859023005566C1 /* MQEventMessageCell.h */,
				0BBF52111C859023005566C1 /* MQEventMessageCell.m */,
				0BBF52121C859023005566C1 /* MQImageMessageCell.h */,
				0BBF52131C859023005566C1 /* MQImageMessageCell.m */,
				0BBF52141C859023005566C1 /* MQMessageDateCell.h */,
				0BBF52151C859023005566C1 /* MQMessageDateCell.m */,
				0BBF52161C859023005566C1 /* MQTextMessageCell.h */,
				0BBF52171C859023005566C1 /* MQTextMessageCell.m */,
				0BBF52181C859023005566C1 /* MQTipsCell.h */,
				0BBF52191C859023005566C1 /* MQTipsCell.m */,
				0BBF521A1C859023005566C1 /* MQVoiceMessageCell.h */,
				0BBF521B1C859024005566C1 /* MQVoiceMessageCell.m */,
			);
			path = CellView;
			sourceTree = "<group>";
		};
		0BBF521C1C859024005566C1 /* Utils */ = {
			isa = PBXGroup;
			children = (
				0BBF521D1C859024005566C1 /* MQAssetUtil.h */,
				0BBF521E1C859024005566C1 /* MQAssetUtil.m */,
				0BBF521F1C859024005566C1 /* MQBundleUtil.h */,
				0BBF52201C859024005566C1 /* MQBundleUtil.m */,
				0BBF52211C859024005566C1 /* MQChatAudioPlayer.h */,
				0BBF52221C859024005566C1 /* MQChatAudioPlayer.m */,
				0BBF52231C859024005566C1 /* MQChatAudioRecorder.h */,
				0BBF52241C859024005566C1 /* MQChatAudioRecorder.m */,
				0BBF52251C859024005566C1 /* MQChatDeviceUtil.h */,
				0BBF52261C859024005566C1 /* MQChatDeviceUtil.m */,
				0BBF52271C859024005566C1 /* MQChatEmojize.h */,
				0BBF52281C859024005566C1 /* MQChatEmojize.m */,
				0BBF52291C859024005566C1 /* MQChatFileUtil.h */,
				0BBF522A1C859024005566C1 /* MQChatFileUtil.m */,
				0BBF522B1C859024005566C1 /* MQChatRegexUtil.h */,
				0BBF522C1C859024005566C1 /* MQChatRegexUtil.m */,
				0BBF522D1C859024005566C1 /* MQDateFormatterUtil.h */,
				0BBF522E1C859024005566C1 /* MQDateFormatterUtil.m */,
				0BBF522F1C859024005566C1 /* MQImageUtil.h */,
				0BBF52301C859024005566C1 /* MQImageUtil.m */,
				0BBF52311C859024005566C1 /* MQStringSizeUtil.h */,
				0BBF52321C859024005566C1 /* MQStringSizeUtil.m */,
			);
			path = Utils;
			sourceTree = "<group>";
		};
		0BBF52331C859024005566C1 /* Vendors */ = {
			isa = PBXGroup;
			children = (
				0BBF52341C859024005566C1 /* CustomIOSAlertView */,
				0BBF52371C859024005566C1 /* FBDigitalFont */,
				0BBF52461C859024005566C1 /* HPTextView */,
				0BBF524B1C859024005566C1 /* MHFacebookImageViewer */,
				0BBF52501C859024005566C1 /* MLAudioRecorder */,
				0BBF52651C859024005566C1 /* MQNamespacedDependencies.h */,
				0BBF52661C859024005566C1 /* TTTAttributedLabel */,
				0BBF52691C859024005566C1 /* VoiceConvert */,
			);
			path = Vendors;
			sourceTree = "<group>";
		};
		0BBF52341C859024005566C1 /* CustomIOSAlertView */ = {
			isa = PBXGroup;
			children = (
				0BBF52351C859024005566C1 /* MEIQIA_CustomIOSAlertView.h */,
				0BBF52361C859024005566C1 /* MEIQIA_CustomIOSAlertView.m */,
			);
			path = CustomIOSAlertView;
			sourceTree = "<group>";
		};
		0BBF52371C859024005566C1 /* FBDigitalFont */ = {
			isa = PBXGroup;
			children = (
				0BBF52381C859024005566C1 /* MEIQIA_FBBitmapFont.h */,
				0BBF52391C859024005566C1 /* MEIQIA_FBBitmapFont.m */,
				0BBF523A1C859024005566C1 /* MEIQIA_FBBitmapFontView.h */,
				0BBF523B1C859024005566C1 /* MEIQIA_FBBitmapFontView.m */,
				0BBF523C1C859024005566C1 /* MEIQIA_FBFontSymbol.h */,
				0BBF523D1C859024005566C1 /* MEIQIA_FBFontSymbol.m */,
				0BBF523E1C859024005566C1 /* MEIQIA_FBLCDFont.h */,
				0BBF523F1C859024005566C1 /* MEIQIA_FBLCDFont.m */,
				0BBF52401C859024005566C1 /* MEIQIA_FBLCDFontView.h */,
				0BBF52411C859024005566C1 /* MEIQIA_FBLCDFontView.m */,
				0BBF52421C859024005566C1 /* MEIQIA_FBSquareFont.h */,
				0BBF52431C859024005566C1 /* MEIQIA_FBSquareFont.m */,
				0BBF52441C859024005566C1 /* MEIQIA_FBSquareFontView.h */,
				0BBF52451C859024005566C1 /* MEIQIA_FBSquareFontView.m */,
			);
			path = FBDigitalFont;
			sourceTree = "<group>";
		};
		0BBF52461C859024005566C1 /* HPTextView */ = {
			isa = PBXGroup;
			children = (
				0BBF52471C859024005566C1 /* MEIQIA_HPGrowingTextView.h */,
				0BBF52481C859024005566C1 /* MEIQIA_HPGrowingTextView.m */,
				0BBF52491C859024005566C1 /* MEIQIA_HPTextViewInternal.h */,
				0BBF524A1C859024005566C1 /* MEIQIA_HPTextViewInternal.m */,
			);
			path = HPTextView;
			sourceTree = "<group>";
		};
		0BBF524B1C859024005566C1 /* MHFacebookImageViewer */ = {
			isa = PBXGroup;
			children = (
				0BBF524C1C859024005566C1 /* MEIQIA_MHFacebookImageViewer.h */,
				0BBF524D1C859024005566C1 /* MEIQIA_MHFacebookImageViewer.m */,
				0BBF524E1C859024005566C1 /* UIImageView+MEIQIA_MHFacebookImageViewer.h */,
				0BBF524F1C859024005566C1 /* UIImageView+MEIQIA_MHFacebookImageViewer.m */,
			);
			path = MHFacebookImageViewer;
			sourceTree = "<group>";
		};
		0BBF52501C859024005566C1 /* MLAudioRecorder */ = {
			isa = PBXGroup;
			children = (
				0BBF52511C859024005566C1 /* amr_en_de */,
				0BBF525C1C859024005566C1 /* Debug.h */,
				0BBF525D1C859024005566C1 /* MEIQIA_AmrRecordWriter.h */,
				0BBF525E1C859024005566C1 /* MEIQIA_AmrRecordWriter.m */,
				0BBF525F1C859024005566C1 /* MEIQIA_CafRecordWriter.h */,
				0BBF52601C859024005566C1 /* MEIQIA_CafRecordWriter.m */,
				0BBF52611C859024005566C1 /* MEIQIA_MLAudioMeterObserver.h */,
				0BBF52621C859024005566C1 /* MEIQIA_MLAudioMeterObserver.m */,
				0BBF52631C859024005566C1 /* MEIQIA_MLAudioRecorder.h */,
				0BBF52641C859024005566C1 /* MEIQIA_MLAudioRecorder.m */,
			);
			path = MLAudioRecorder;
			sourceTree = "<group>";
		};
		0BBF52511C859024005566C1 /* amr_en_de */ = {
			isa = PBXGroup;
			children = (
				0BBF52521C859024005566C1 /* include */,
				0BBF52591C859024005566C1 /* lib */,
			);
			path = amr_en_de;
			sourceTree = "<group>";
		};
		0BBF52521C859024005566C1 /* include */ = {
			isa = PBXGroup;
			children = (
				0BBF52531C859024005566C1 /* opencore-amrnb */,
				0BBF52561C859024005566C1 /* opencore-amrwb */,
			);
			path = include;
			sourceTree = "<group>";
		};
		0BBF52531C859024005566C1 /* opencore-amrnb */ = {
			isa = PBXGroup;
			children = (
				0BBF52541C859024005566C1 /* interf_dec.h */,
				0BBF52551C859024005566C1 /* interf_enc.h */,
			);
			path = "opencore-amrnb";
			sourceTree = "<group>";
		};
		0BBF52561C859024005566C1 /* opencore-amrwb */ = {
			isa = PBXGroup;
			children = (
				0BBF52571C859024005566C1 /* dec_if.h */,
				0BBF52581C859024005566C1 /* if_rom.h */,
			);
			path = "opencore-amrwb";
			sourceTree = "<group>";
		};
		0BBF52591C859024005566C1 /* lib */ = {
			isa = PBXGroup;
			children = (
				0BBF525A1C859024005566C1 /* libopencore-amrnb.a */,
				0BBF525B1C859024005566C1 /* libopencore-amrwb.a */,
			);
			path = lib;
			sourceTree = "<group>";
		};
		0BBF52661C859024005566C1 /* TTTAttributedLabel */ = {
			isa = PBXGroup;
			children = (
				0BBF52671C859024005566C1 /* MEIQIA_TTTAttributedLabel.h */,
				0BBF52681C859024005566C1 /* MEIQIA_TTTAttributedLabel.m */,
			);
			path = TTTAttributedLabel;
			sourceTree = "<group>";
		};
		0BBF52691C859024005566C1 /* VoiceConvert */ = {
			isa = PBXGroup;
			children = (
				0BBF526A1C859024005566C1 /* amrwapper */,
				0BBF526F1C859024005566C1 /* VoiceConverter.h */,
				0BBF52701C859024005566C1 /* VoiceConverter.mm */,
			);
			path = VoiceConvert;
			sourceTree = "<group>";
		};
		0BBF526A1C859024005566C1 /* amrwapper */ = {
			isa = PBXGroup;
			children = (
				0BBF526B1C859024005566C1 /* amrFileCodec.h */,
				0BBF526C1C859024005566C1 /* amrFileCodec.mm */,
				0BBF526D1C859024005566C1 /* wav.h */,
				0BBF526E1C859024005566C1 /* wav.mm */,
			);
			path = amrwapper;
			sourceTree = "<group>";
		};
		0BBF52711C859024005566C1 /* Views */ = {
			isa = PBXGroup;
			children = (
				0BBF52721C859024005566C1 /* MQChatTableView.h */,
				0BBF52731C859024005566C1 /* MQChatTableView.m */,
				0BBF52741C859024005566C1 /* MQEvaluationView */,
				0BBF52771C859024005566C1 /* MQInputBar */,
				0BBF527A1C859024005566C1 /* MQPullRefreshView */,
				0BBF527D1C859024005566C1 /* MQRecordView */,
				0BBF52801C859024005566C1 /* MQToast */,
			);
			path = Views;
			sourceTree = "<group>";
		};
		0BBF52741C859024005566C1 /* MQEvaluationView */ = {
			isa = PBXGroup;
			children = (
				0BBF52751C859024005566C1 /* MQEvaluationView.h */,
				0BBF52761C859024005566C1 /* MQEvaluationView.m */,
			);
			path = MQEvaluationView;
			sourceTree = "<group>";
		};
		0BBF52771C859024005566C1 /* MQInputBar */ = {
			isa = PBXGroup;
			children = (
				0BBF52781C859024005566C1 /* MQInputBar.h */,
				0BBF52791C859024005566C1 /* MQInputBar.m */,
			);
			path = MQInputBar;
			sourceTree = "<group>";
		};
		0BBF527A1C859024005566C1 /* MQPullRefreshView */ = {
			isa = PBXGroup;
			children = (
				0BBF527B1C859024005566C1 /* MQPullRefreshView.h */,
				0BBF527C1C859024005566C1 /* MQPullRefreshView.m */,
			);
			path = MQPullRefreshView;
			sourceTree = "<group>";
		};
		0BBF527D1C859024005566C1 /* MQRecordView */ = {
			isa = PBXGroup;
			children = (
				0BBF527E1C859024005566C1 /* MQRecordView.h */,
				0BBF527F1C859024005566C1 /* MQRecordView.m */,
			);
			path = MQRecordView;
			sourceTree = "<group>";
		};
		0BBF52801C859024005566C1 /* MQToast */ = {
			isa = PBXGroup;
			children = (
				0BBF52811C859024005566C1 /* MQToast.h */,
				0BBF52821C859024005566C1 /* MQToast.m */,
			);
			path = MQToast;
			sourceTree = "<group>";
		};
/* End PBXGroup section */

/* Begin PBXNativeTarget section */
		0BB795671C5A0B5F00AB2E83 /* MeiQiaForAPICloud */ = {
			isa = PBXNativeTarget;
			buildConfigurationList = 0BB795711C5A0B5F00AB2E83 /* Build configuration list for PBXNativeTarget "MeiQiaForAPICloud" */;
			buildPhases = (
				0BB795641C5A0B5F00AB2E83 /* Sources */,
				0BB795651C5A0B5F00AB2E83 /* Frameworks */,
				0BB795661C5A0B5F00AB2E83 /* CopyFiles */,
			);
			buildRules = (
			);
			dependencies = (
			);
			name = MeiQiaForAPICloud;
			productName = MeiQiaForAPICloud;
			productReference = 0BB795681C5A0B5F00AB2E83 /* libMeiQiaForAPICloud.a */;
			productType = "com.apple.product-type.library.static";
		};
/* End PBXNativeTarget section */

/* Begin PBXProject section */
		0BB795601C5A0B5F00AB2E83 /* Project object */ = {
			isa = PBXProject;
			attributes = {
				LastUpgradeCheck = 0720;
				ORGANIZATIONNAME = Injoy;
				TargetAttributes = {
					0BB795671C5A0B5F00AB2E83 = {
						CreatedOnToolsVersion = 7.2;
					};
				};
			};
			buildConfigurationList = 0BB795631C5A0B5F00AB2E83 /* Build configuration list for PBXProject "MeiQiaForAPICloud" */;
			compatibilityVersion = "Xcode 3.2";
			developmentRegion = English;
			hasScannedForEncodings = 0;
			knownRegions = (
				en,
			);
			mainGroup = 0BB7955F1C5A0B5F00AB2E83;
			productRefGroup = 0BB795691C5A0B5F00AB2E83 /* Products */;
			projectDirPath = "";
			projectRoot = "";
			targets = (
				0BB795671C5A0B5F00AB2E83 /* MeiQiaForAPICloud */,
			);
		};
/* End PBXProject section */

/* Begin PBXSourcesBuildPhase section */
		0BB795641C5A0B5F00AB2E83 /* Sources */ = {
			isa = PBXSourcesBuildPhase;
			buildActionMask = 2147483647;
			files = (
				0BBF52921C859024005566C1 /* MQTextCellModel.m in Sources */,
				0BBF52911C859024005566C1 /* MQMessageDateCellModel.m in Sources */,
				0BBF52B31C859024005566C1 /* UIImageView+MEIQIA_MHFacebookImageViewer.m in Sources */,
				0BBF52BF1C859024005566C1 /* MQEvaluationView.m in Sources */,
				0BBF52931C859024005566C1 /* MQTipsCellModel.m in Sources */,
				0BBF529E1C859024005566C1 /* MQBundleUtil.m in Sources */,
				0BBF52AC1C859024005566C1 /* MEIQIA_FBLCDFont.m in Sources */,
				0BBF52C31C859024005566C1 /* MQToast.m in Sources */,
				0BBF52981C859024005566C1 /* MQImageMessageCell.m in Sources */,
				0BBF52B71C859024005566C1 /* MEIQIA_CafRecordWriter.m in Sources */,
				0BBF528A1C859024005566C1 /* MQBaseMessage.m in Sources */,
				0BB7957B1C5A1D5900AB2E83 /* MeiQia.m in Sources */,
				0BBF52A61C859024005566C1 /* MQImageUtil.m in Sources */,
				0BBF52A41C859024005566C1 /* MQChatRegexUtil.m in Sources */,
				0BBF52AF1C859024005566C1 /* MEIQIA_FBSquareFontView.m in Sources */,
				0BBF52871C859024005566C1 /* MQChatViewController.m in Sources */,
				0BBF529F1C859024005566C1 /* MQChatAudioPlayer.m in Sources */,
				0BBF528F1C859024005566C1 /* MQEventCellModel.m in Sources */,
				0BBF52881C859024005566C1 /* MQChatViewService.m in Sources */,
				0BBF52971C859024005566C1 /* MQEventMessageCell.m in Sources */,
				0BBF52AB1C859024005566C1 /* MEIQIA_FBFontSymbol.m in Sources */,
				0BBF529D1C859024005566C1 /* MQAssetUtil.m in Sources */,
				0BBF52C11C859024005566C1 /* MQPullRefreshView.m in Sources */,
				0BBF52AE1C859024005566C1 /* MEIQIA_FBSquareFont.m in Sources */,
				0BBF52BE1C859024005566C1 /* MQChatTableView.m in Sources */,
				0BBF52B81C859024005566C1 /* MEIQIA_MLAudioMeterObserver.m in Sources */,
				0BBF52B11C859024005566C1 /* MEIQIA_HPTextViewInternal.m in Sources */,
				0BBF52941C859024005566C1 /* MQVoiceCellModel.m in Sources */,
				0BBF52B61C859024005566C1 /* MEIQIA_AmrRecordWriter.m in Sources */,
				0BBF52AA1C859024005566C1 /* MEIQIA_FBBitmapFontView.m in Sources */,
				0BBF52841C859024005566C1 /* MQServiceToViewInterface.m in Sources */,
				0BBF52A51C859024005566C1 /* MQDateFormatterUtil.m in Sources */,
				0BBF528C1C859024005566C1 /* MQImageMessage.m in Sources */,
				0BBF52A11C859024005566C1 /* MQChatDeviceUtil.m in Sources */,
				0BBF52B91C859024005566C1 /* MEIQIA_MLAudioRecorder.m in Sources */,
				0BBF52861C859024005566C1 /* MQChatViewManager.m in Sources */,
				0BBF529B1C859024005566C1 /* MQTipsCell.m in Sources */,
				0BBF52A81C859024005566C1 /* MEIQIA_CustomIOSAlertView.m in Sources */,
				0BBF529A1C859024005566C1 /* MQTextMessageCell.m in Sources */,
				0BBF52A91C859024005566C1 /* MEIQIA_FBBitmapFont.m in Sources */,
				0BBF52891C859024005566C1 /* MQChatViewTableDataSource.m in Sources */,
				0BBF52BA1C859024005566C1 /* MEIQIA_TTTAttributedLabel.m in Sources */,
				0BBF52AD1C859024005566C1 /* MEIQIA_FBLCDFontView.m in Sources */,
				0BBF528E1C859024005566C1 /* MQVoiceMessage.m in Sources */,
				0BBF52C01C859024005566C1 /* MQInputBar.m in Sources */,
				0BBF52B21C859024005566C1 /* MEIQIA_MHFacebookImageViewer.m in Sources */,
				0BBF528D1C859024005566C1 /* MQTextMessage.m in Sources */,
				0BBF52A01C859024005566C1 /* MQChatAudioRecorder.m in Sources */,
				0BBF52C21C859024005566C1 /* MQRecordView.m in Sources */,
				0BBF52B01C859024005566C1 /* MEIQIA_HPGrowingTextView.m in Sources */,
				0BBF52851C859024005566C1 /* MQChatViewConfig.m in Sources */,
				0BBF528B1C859024005566C1 /* MQEventMessage.m in Sources */,
				0BBF52A71C859024005566C1 /* MQStringSizeUtil.m in Sources */,
				0BBF52951C859024005566C1 /* MQChatBaseCell.m in Sources */,
				0BBF52BD1C859024005566C1 /* VoiceConverter.mm in Sources */,
				0BBF52A21C859024005566C1 /* MQChatEmojize.m in Sources */,
				0BBF52901C859024005566C1 /* MQImageCellModel.m in Sources */,
				0BBF52961C859024005566C1 /* MQEvaluationCell.m in Sources */,
				0BBF529C1C859024005566C1 /* MQVoiceMessageCell.m in Sources */,
				0BBF52BC1C859024005566C1 /* wav.mm in Sources */,
				0BBF52A31C859024005566C1 /* MQChatFileUtil.m in Sources */,
				0BBF52991C859024005566C1 /* MQMessageDateCell.m in Sources */,
				0BBF52BB1C859024005566C1 /* amrFileCodec.mm in Sources */,
			);
			runOnlyForDeploymentPostprocessing = 0;
		};
/* End PBXSourcesBuildPhase section */

/* Begin XCBuildConfiguration section */
		0BB7956F1C5A0B5F00AB2E83 /* Debug */ = {
			isa = XCBuildConfiguration;
			buildSettings = {
				ALWAYS_SEARCH_USER_PATHS = NO;
				CLANG_CXX_LANGUAGE_STANDARD = "gnu++0x";
				CLANG_CXX_LIBRARY = "libc++";
				CLANG_ENABLE_MODULES = YES;
				CLANG_ENABLE_OBJC_ARC = YES;
				CLANG_WARN_BOOL_CONVERSION = YES;
				CLANG_WARN_CONSTANT_CONVERSION = YES;
				CLANG_WARN_DIRECT_OBJC_ISA_USAGE = YES_ERROR;
				CLANG_WARN_EMPTY_BODY = YES;
				CLANG_WARN_ENUM_CONVERSION = YES;
				CLANG_WARN_INT_CONVERSION = YES;
				CLANG_WARN_OBJC_ROOT_CLASS = YES_ERROR;
				CLANG_WARN_UNREACHABLE_CODE = YES;
				CLANG_WARN__DUPLICATE_METHOD_MATCH = YES;
				"CODE_SIGN_IDENTITY[sdk=iphoneos*]" = "iPhone Developer";
				COPY_PHASE_STRIP = NO;
				DEBUG_INFORMATION_FORMAT = dwarf;
				ENABLE_STRICT_OBJC_MSGSEND = YES;
				ENABLE_TESTABILITY = YES;
				GCC_C_LANGUAGE_STANDARD = gnu99;
				GCC_DYNAMIC_NO_PIC = NO;
				GCC_NO_COMMON_BLOCKS = YES;
				GCC_OPTIMIZATION_LEVEL = 0;
				GCC_PREPROCESSOR_DEFINITIONS = (
					"DEBUG=1",
					"$(inherited)",
				);
				GCC_WARN_64_TO_32_BIT_CONVERSION = YES;
				GCC_WARN_ABOUT_RETURN_TYPE = YES_ERROR;
				GCC_WARN_UNDECLARED_SELECTOR = YES;
				GCC_WARN_UNINITIALIZED_AUTOS = YES_AGGRESSIVE;
				GCC_WARN_UNUSED_FUNCTION = YES;
				GCC_WARN_UNUSED_VARIABLE = YES;
				IPHONEOS_DEPLOYMENT_TARGET = 6.0;
				MTL_ENABLE_DEBUG_INFO = YES;
				ONLY_ACTIVE_ARCH = YES;
				SDKROOT = iphoneos;
			};
			name = Debug;
		};
		0BB795701C5A0B5F00AB2E83 /* Release */ = {
			isa = XCBuildConfiguration;
			buildSettings = {
				ALWAYS_SEARCH_USER_PATHS = NO;
				CLANG_CXX_LANGUAGE_STANDARD = "gnu++0x";
				CLANG_CXX_LIBRARY = "libc++";
				CLANG_ENABLE_MODULES = YES;
				CLANG_ENABLE_OBJC_ARC = YES;
				CLANG_WARN_BOOL_CONVERSION = YES;
				CLANG_WARN_CONSTANT_CONVERSION = YES;
				CLANG_WARN_DIRECT_OBJC_ISA_USAGE = YES_ERROR;
				CLANG_WARN_EMPTY_BODY = YES;
				CLANG_WARN_ENUM_CONVERSION = YES;
				CLANG_WARN_INT_CONVERSION = YES;
				CLANG_WARN_OBJC_ROOT_CLASS = YES_ERROR;
				CLANG_WARN_UNREACHABLE_CODE = YES;
				CLANG_WARN__DUPLICATE_METHOD_MATCH = YES;
				"CODE_SIGN_IDENTITY[sdk=iphoneos*]" = "iPhone Developer";
				COPY_PHASE_STRIP = NO;
				DEBUG_INFORMATION_FORMAT = "dwarf-with-dsym";
				ENABLE_NS_ASSERTIONS = NO;
				ENABLE_STRICT_OBJC_MSGSEND = YES;
				GCC_C_LANGUAGE_STANDARD = gnu99;
				GCC_NO_COMMON_BLOCKS = YES;
				GCC_WARN_64_TO_32_BIT_CONVERSION = YES;
				GCC_WARN_ABOUT_RETURN_TYPE = YES_ERROR;
				GCC_WARN_UNDECLARED_SELECTOR = YES;
				GCC_WARN_UNINITIALIZED_AUTOS = YES_AGGRESSIVE;
				GCC_WARN_UNUSED_FUNCTION = YES;
				GCC_WARN_UNUSED_VARIABLE = YES;
				IPHONEOS_DEPLOYMENT_TARGET = 6.0;
				MTL_ENABLE_DEBUG_INFO = NO;
				SDKROOT = iphoneos;
				VALIDATE_PRODUCT = YES;
			};
			name = Release;
		};
		0BB795721C5A0B5F00AB2E83 /* Debug */ = {
			isa = XCBuildConfiguration;
			buildSettings = {
				ARCHS = (
					"$(ARCHS_STANDARD)",
					armv7s,
				);
				FRAMEWORK_SEARCH_PATHS = (
					"$(inherited)",
					"$(PROJECT_DIR)/MeiQiaForAPICloud/MeiQiaSDK",
				);
				LIBRARY_SEARCH_PATHS = (
					"$(inherited)",
					"$(PROJECT_DIR)/MeiQiaForAPICloud/MeiQiaSDK/MQChatViewController/Vendors/MLAudioRecorder/amr_en_de/lib",
				);
				OTHER_LDFLAGS = "-ObjC";
				PRODUCT_NAME = "$(TARGET_NAME)";
				SKIP_INSTALL = YES;
			};
			name = Debug;
		};
		0BB795731C5A0B5F00AB2E83 /* Release */ = {
			isa = XCBuildConfiguration;
			buildSettings = {
				ARCHS = (
					"$(ARCHS_STANDARD)",
					armv7s,
				);
				FRAMEWORK_SEARCH_PATHS = (
					"$(inherited)",
					"$(PROJECT_DIR)/MeiQiaForAPICloud/MeiQiaSDK",
				);
				LIBRARY_SEARCH_PATHS = (
					"$(inherited)",
					"$(PROJECT_DIR)/MeiQiaForAPICloud/MeiQiaSDK/MQChatViewController/Vendors/MLAudioRecorder/amr_en_de/lib",
				);
				OTHER_LDFLAGS = "-ObjC";
				PRODUCT_NAME = "$(TARGET_NAME)";
				SKIP_INSTALL = YES;
			};
			name = Release;
		};
/* End XCBuildConfiguration section */

/* Begin XCConfigurationList section */
		0BB795631C5A0B5F00AB2E83 /* Build configuration list for PBXProject "MeiQiaForAPICloud" */ = {
			isa = XCConfigurationList;
			buildConfigurations = (
				0BB7956F1C5A0B5F00AB2E83 /* Debug */,
				0BB795701C5A0B5F00AB2E83 /* Release */,
			);
			defaultConfigurationIsVisible = 0;
			defaultConfigurationName = Release;
		};
		0BB795711C5A0B5F00AB2E83 /* Build configuration list for PBXNativeTarget "MeiQiaForAPICloud" */ = {
			isa = XCConfigurationList;
			buildConfigurations = (
				0BB795721C5A0B5F00AB2E83 /* Debug */,
				0BB795731C5A0B5F00AB2E83 /* Release */,
			);
			defaultConfigurationIsVisible = 0;
			defaultConfigurationName = Release;
		};
/* End XCConfigurationList section */
	};
	rootObject = 0BB795601C5A0B5F00AB2E83 /* Project object */;
}
